// !$*UTF8*$!
{
	archiveVersion = 1;
	classes = {
	};
	objectVersion = 56;
	objects = {

/* Begin PBXBuildFile section */
		36EE4B762DF7B31100D2E13F /* CryptoCurrenciesApp.swift in Sources */ = {isa = PBXBuildFile; fileRef = 36EE4B752DF7B31100D2E13F /* CryptoCurrenciesApp.swift */; };
		36EE4B782DF7B31100D2E13F /* ContentView.swift in Sources */ = {isa = PBXBuildFile; fileRef = 36EE4B772DF7B31100D2E13F /* ContentView.swift */; };
		36EE4B7A2DF7B31700D2E13F /* Assets.xcassets in Resources */ = {isa = PBXBuildFile; fileRef = 36EE4B792DF7B31700D2E13F /* Assets.xcassets */; };
		36EE4B7D2DF7B31700D2E13F /* Preview Assets.xcassets in Resources */ = {isa = PBXBuildFile; fileRef = 36EE4B7C2DF7B31700D2E13F /* Preview Assets.xcassets */; };
		36EE4B862DF7B3BA00D2E13F /* Coin.swift in Sources */ = {isa = PBXBuildFile; fileRef = 36EE4B852DF7B3BA00D2E13F /* Coin.swift */; };
		36EE4B882DF7B47C00D2E13F /* CoinViewModel.swift in Sources */ = {isa = PBXBuildFile; fileRef = 36EE4B872DF7B47C00D2E13F /* CoinViewModel.swift */; };
		36EE4B8B2DF7B88D00D2E13F /* EXT+ Bundle.swift in Sources */ = {isa = PBXBuildFile; fileRef = 36EE4B8A2DF7B88D00D2E13F /* EXT+ Bundle.swift */; };
		36EE4B8E2DFB6E3100D2E13F /* CoinRow.swift in Sources */ = {isa = PBXBuildFile; fileRef = 36EE4B8D2DFB6E3100D2E13F /* CoinRow.swift */; };
/* End PBXBuildFile section */

/* Begin PBXFileReference section */
		36EE4B722DF7B31100D2E13F /* CryptoCurrencies.app */ = {isa = PBXFileReference; explicitFileType = wrapper.application; includeInIndex = 0; path = CryptoCurrencies.app; sourceTree = BUILT_PRODUCTS_DIR; };
		36EE4B752DF7B31100D2E13F /* CryptoCurrenciesApp.swift */ = {isa = PBXFileReference; lastKnownFileType = sourcecode.swift; path = CryptoCurrenciesApp.swift; sourceTree = "<group>"; };
		36EE4B772DF7B31100D2E13F /* ContentView.swift */ = {isa = PBXFileReference; lastKnownFileType = sourcecode.swift; path = ContentView.swift; sourceTree = "<group>"; };
		36EE4B792DF7B31700D2E13F /* Assets.xcassets */ = {isa = PBXFileReference; lastKnownFileType = folder.assetcatalog; path = Assets.xcassets; sourceTree = "<group>"; };
		36EE4B7C2DF7B31700D2E13F /* Preview Assets.xcassets */ = {isa = PBXFileReference; lastKnownFileType = folder.assetcatalog; path = "Preview Assets.xcassets"; sourceTree = "<group>"; };
		36EE4B832DF7B35000D2E13F /* coins.json */ = {isa = PBXFileReference; lastKnownFileType = text.json; path = coins.json; sourceTree = "<group>"; };
		36EE4B852DF7B3BA00D2E13F /* Coin.swift */ = {isa = PBXFileReference; lastKnownFileType = sourcecode.swift; path = Coin.swift; sourceTree = "<group>"; };
		36EE4B872DF7B47C00D2E13F /* CoinViewModel.swift */ = {isa = PBXFileReference; lastKnownFileType = sourcecode.swift; path = CoinViewModel.swift; sourceTree = "<group>"; };
		36EE4B8A2DF7B88D00D2E13F /* EXT+ Bundle.swift */ = {isa = PBXFileReference; lastKnownFileType = sourcecode.swift; path = "EXT+ Bundle.swift"; sourceTree = "<group>"; };
		36EE4B8D2DFB6E3100D2E13F /* CoinRow.swift */ = {isa = PBXFileReference; lastKnownFileType = sourcecode.swift; path = CoinRow.swift; sourceTree = "<group>"; };
/* End PBXFileReference section */

/* Begin PBXFrameworksBuildPhase section */
		36EE4B6F2DF7B31100D2E13F /* Frameworks */ = {
			isa = PBXFrameworksBuildPhase;
			buildActionMask = 2147483647;
			files = (
			);
			runOnlyForDeploymentPostprocessing = 0;
		};
/* End PBXFrameworksBuildPhase section */

/* Begin PBXGroup section */
		36EE4B692DF7B31100D2E13F = {
			isa = PBXGroup;
			children = (
				36EE4B742DF7B31100D2E13F /* CryptoCurrencies */,
				36EE4B732DF7B31100D2E13F /* Products */,
			);
			sourceTree = "<group>";
		};
		36EE4B732DF7B31100D2E13F /* Products */ = {
			isa = PBXGroup;
			children = (
				36EE4B722DF7B31100D2E13F /* CryptoCurrencies.app */,
			);
			name = Products;
			sourceTree = "<group>";
		};
		36EE4B742DF7B31100D2E13F /* CryptoCurrencies */ = {
			isa = PBXGroup;
			children = (
				36EE4B832DF7B35000D2E13F /* coins.json */,
				36EE4B8C2DFB6E1600D2E13F /* Row */,
				36EE4B892DF7B87E00D2E13F /* Helper */,
				36EE4B842DF7B36800D2E13F /* Model */,
				36EE4B772DF7B31100D2E13F /* ContentView.swift */,
				36EE4B792DF7B31700D2E13F /* Assets.xcassets */,
				36EE4B7B2DF7B31700D2E13F /* Preview Content */,
			);
			path = CryptoCurrencies;
			sourceTree = "<group>";
		};
		36EE4B7B2DF7B31700D2E13F /* Preview Content */ = {
			isa = PBXGroup;
			children = (
				36EE4B7C2DF7B31700D2E13F /* Preview Assets.xcassets */,
			);
			path = "Preview Content";
			sourceTree = "<group>";
		};
		36EE4B842DF7B36800D2E13F /* Model */ = {
			isa = PBXGroup;
			children = (
				36EE4B852DF7B3BA00D2E13F /* Coin.swift */,
				36EE4B872DF7B47C00D2E13F /* CoinViewModel.swift */,
				36EE4B752DF7B31100D2E13F /* CryptoCurrenciesApp.swift */,
			);
			path = Model;
			sourceTree = "<group>";
		};
		36EE4B892DF7B87E00D2E13F /* Helper */ = {
			isa = PBXGroup;
			children = (
				36EE4B8A2DF7B88D00D2E13F /* EXT+ Bundle.swift */,
			);
			path = Helper;
			sourceTree = "<group>";
		};
		36EE4B8C2DFB6E1600D2E13F /* Row */ = {
			isa = PBXGroup;
			children = (
				36EE4B8D2DFB6E3100D2E13F /* CoinRow.swift */,
			);
			path = Row;
			sourceTree = "<group>";
		};
/* End PBXGroup section */

/* Begin PBXNativeTarget section */
		36EE4B712DF7B31100D2E13F /* CryptoCurrencies */ = {
			isa = PBXNativeTarget;
			buildConfigurationList = 36EE4B802DF7B31700D2E13F /* Build configuration list for PBXNativeTarget "CryptoCurrencies" */;
			buildPhases = (
				36EE4B6E2DF7B31100D2E13F /* Sources */,
				36EE4B6F2DF7B31100D2E13F /* Frameworks */,
				36EE4B702DF7B31100D2E13F /* Resources */,
			);
			buildRules = (
			);
			dependencies = (
			);
			name = CryptoCurrencies;
			productName = CryptoCurrencies;
			productReference = 36EE4B722DF7B31100D2E13F /* CryptoCurrencies.app */;
			productType = "com.apple.product-type.application";
		};
/* End PBXNativeTarget section */

/* Begin PBXProject section */
		36EE4B6A2DF7B31100D2E13F /* Project object */ = {
			isa = PBXProject;
			attributes = {
				BuildIndependentTargetsInParallel = 1;
				LastSwiftUpdateCheck = 1430;
				LastUpgradeCheck = 1430;
				TargetAttributes = {
					36EE4B712DF7B31100D2E13F = {
						CreatedOnToolsVersion = 14.3.1;
					};
				};
			};
			buildConfigurationList = 36EE4B6D2DF7B31100D2E13F /* Build configuration list for PBXProject "CryptoCurrencies" */;
			compatibilityVersion = "Xcode 14.0";
			developmentRegion = en;
			hasScannedForEncodings = 0;
			knownRegions = (
				en,
				Base,
			);
			mainGroup = 36EE4B692DF7B31100D2E13F;
			productRefGroup = 36EE4B732DF7B31100D2E13F /* Products */;
			projectDirPath = "";
			projectRoot = "";
			targets = (
				36EE4B712DF7B31100D2E13F /* CryptoCurrencies */,
			);
		};
/* End PBXProject section */

/* Begin PBXResourcesBuildPhase section */
		36EE4B702DF7B31100D2E13F /* Resources */ = {
			isa = PBXResourcesBuildPhase;
			buildActionMask = 2147483647;
			files = (
				36EE4B7D2DF7B31700D2E13F /* Preview Assets.xcassets in Resources */,
				36EE4B7A2DF7B31700D2E13F /* Assets.xcassets in Resources */,
			);
			runOnlyForDeploymentPostprocessing = 0;
		};
/* End PBXResourcesBuildPhase section */

/* Begin PBXSourcesBuildPhase section */
		36EE4B6E2DF7B31100D2E13F /* Sources */ = {
			isa = PBXSourcesBuildPhase;
			buildActionMask = 2147483647;
			files = (
				36EE4B862DF7B3BA00D2E13F /* Coin.swift in Sources */,
				36EE4B8B2DF7B88D00D2E13F /* EXT+ Bundle.swift in Sources */,
				36EE4B782DF7B31100D2E13F /* ContentView.swift in Sources */,
				36EE4B8E2DFB6E3100D2E13F /* CoinRow.swift in Sources */,
				36EE4B762DF7B31100D2E13F /* CryptoCurrenciesApp.swift in Sources */,
				36EE4B882DF7B47C00D2E13F /* CoinViewModel.swift in Sources */,
			);
			runOnlyForDeploymentPostprocessing = 0;
		};
/* End PBXSourcesBuildPhase section */

/* Begin XCBuildConfiguration section */
		36EE4B7E2DF7B31700D2E13F /* Debug */ = {
			isa = XCBuildConfiguration;
			buildSettings = {
				ALWAYS_SEARCH_USER_PATHS = NO;
				CLANG_ANALYZER_NONNULL = YES;
				CLANG_ANALYZER_NUMBER_OBJECT_CONVERSION = YES_AGGRESSIVE;
				CLANG_CXX_LANGUAGE_STANDARD = "gnu++20";
				CLANG_ENABLE_MODULES = YES;
				CLANG_ENABLE_OBJC_ARC = YES;
				CLANG_ENABLE_OBJC_WEAK = YES;
				CLANG_WARN_BLOCK_CAPTURE_AUTORELEASING = YES;
				CLANG_WARN_BOOL_CONVERSION = YES;
				CLANG_WARN_COMMA = YES;
				CLANG_WARN_CONSTANT_CONVERSION = YES;
				CLANG_WARN_DEPRECATED_OBJC_IMPLEMENTATIONS = YES;
				CLANG_WARN_DIRECT_OBJC_ISA_USAGE = YES_ERROR;
				CLANG_WARN_DOCUMENTATION_COMMENTS = YES;
				CLANG_WARN_EMPTY_BODY = YES;
				CLANG_WARN_ENUM_CONVERSION = YES;
				CLANG_WARN_INFINITE_RECURSION = YES;
				CLANG_WARN_INT_CONVERSION = YES;
				CLANG_WARN_NON_LITERAL_NULL_CONVERSION = YES;
				CLANG_WARN_OBJC_IMPLICIT_RETAIN_SELF = YES;
				CLANG_WARN_OBJC_LITERAL_CONVERSION = YES;
				CLANG_WARN_OBJC_ROOT_CLASS = YES_ERROR;
				CLANG_WARN_QUOTED_INCLUDE_IN_FRAMEWORK_HEADER = YES;
				CLANG_WARN_RANGE_LOOP_ANALYSIS = YES;
				CLANG_WARN_STRICT_PROTOTYPES = YES;
				CLANG_WARN_SUSPICIOUS_MOVE = YES;
				CLANG_WARN_UNGUARDED_AVAILABILITY = YES_AGGRESSIVE;
				CLANG_WARN_UNREACHABLE_CODE = YES;
				CLANG_WARN__DUPLICATE_METHOD_MATCH = YES;
				COPY_PHASE_STRIP = NO;
				DEBUG_INFORMATION_FORMAT = dwarf;
				ENABLE_STRICT_OBJC_MSGSEND = YES;
				ENABLE_TESTABILITY = YES;
				GCC_C_LANGUAGE_STANDARD = gnu11;
				GCC_DYNAMIC_NO_PIC = NO;
				GCC_NO_COMMON_BLOCKS = YES;
				GCC_OPTIMIZATION_LEVEL = 0;
				GCC_PREPROCESSOR_DEFINITIONS = (
					"DEBUG=1",
					"$(inherited)",
				);
				GCC_WARN_64_TO_32_BIT_CONVERSION = YES;
				GCC_WARN_ABOUT_RETURN_TYPE = YES_ERROR;
				GCC_WARN_UNDECLARED_SELECTOR = YES;
				GCC_WARN_UNINITIALIZED_AUTOS = YES_AGGRESSIVE;
				GCC_WARN_UNUSED_FUNCTION = YES;
				GCC_WARN_UNUSED_VARIABLE = YES;
				IPHONEOS_DEPLOYMENT_TARGET = 16.4;
				MTL_ENABLE_DEBUG_INFO = INCLUDE_SOURCE;
				MTL_FAST_MATH = YES;
				ONLY_ACTIVE_ARCH = YES;
				SDKROOT = iphoneos;
				SWIFT_ACTIVE_COMPILATION_CONDITIONS = DEBUG;
				SWIFT_OPTIMIZATION_LEVEL = "-Onone";
			};
			name = Debug;
		};
		36EE4B7F2DF7B31700D2E13F /* Release */ = {
			isa = XCBuildConfiguration;
			buildSettings = {
				ALWAYS_SEARCH_USER_PATHS = NO;
				CLANG_ANALYZER_NONNULL = YES;
				CLANG_ANALYZER_NUMBER_OBJECT_CONVERSION = YES_AGGRESSIVE;
				CLANG_CXX_LANGUAGE_STANDARD = "gnu++20";
				CLANG_ENABLE_MODULES = YES;
				CLANG_ENABLE_OBJC_ARC = YES;
				CLANG_ENABLE_OBJC_WEAK = YES;
				CLANG_WARN_BLOCK_CAPTURE_AUTORELEASING = YES;
				CLANG_WARN_BOOL_CONVERSION = YES;
				CLANG_WARN_COMMA = YES;
				CLANG_WARN_CONSTANT_CONVERSION = YES;
				CLANG_WARN_DEPRECATED_OBJC_IMPLEMENTATIONS = YES;
				CLANG_WARN_DIRECT_OBJC_ISA_USAGE = YES_ERROR;
				CLANG_WARN_DOCUMENTATION_COMMENTS = YES;
				CLANG_WARN_EMPTY_BODY = YES;
				CLANG_WARN_ENUM_CONVERSION = YES;
				CLANG_WARN_INFINITE_RECURSION = YES;
				CLANG_WARN_INT_CONVERSION = YES;
				CLANG_WARN_NON_LITERAL_NULL_CONVERSION = YES;
				CLANG_WARN_OBJC_IMPLICIT_RETAIN_SELF = YES;
				CLANG_WARN_OBJC_LITERAL_CONVERSION = YES;
				CLANG_WARN_OBJC_ROOT_CLASS = YES_ERROR;
				CLANG_WARN_QUOTED_INCLUDE_IN_FRAMEWORK_HEADER = YES;
				CLANG_WARN_RANGE_LOOP_ANALYSIS = YES;
				CLANG_WARN_STRICT_PROTOTYPES = YES;
				CLANG_WARN_SUSPICIOUS_MOVE = YES;
				CLANG_WARN_UNGUARDED_AVAILABILITY = YES_AGGRESSIVE;
				CLANG_WARN_UNREACHABLE_CODE = YES;
				CLANG_WARN__DUPLICATE_METHOD_MATCH = YES;
				COPY_PHASE_STRIP = NO;
				DEBUG_INFORMATION_FORMAT = "dwarf-with-dsym";
				ENABLE_NS_ASSERTIONS = NO;
				ENABLE_STRICT_OBJC_MSGSEND = YES;
				GCC_C_LANGUAGE_STANDARD = gnu11;
				GCC_NO_COMMON_BLOCKS = YES;
				GCC_WARN_64_TO_32_BIT_CONVERSION = YES;
				GCC_WARN_ABOUT_RETURN_TYPE = YES_ERROR;
				GCC_WARN_UNDECLARED_SELECTOR = YES;
				GCC_WARN_UNINITIALIZED_AUTOS = YES_AGGRESSIVE;
				GCC_WARN_UNUSED_FUNCTION = YES;
				GCC_WARN_UNUSED_VARIABLE = YES;
				IPHONEOS_DEPLOYMENT_TARGET = 16.4;
				MTL_ENABLE_DEBUG_INFO = NO;
				MTL_FAST_MATH = YES;
				SDKROOT = iphoneos;
				SWIFT_COMPILATION_MODE = wholemodule;
				SWIFT_OPTIMIZATION_LEVEL = "-O";
				VALIDATE_PRODUCT = YES;
			};
			name = Release;
		};
		36EE4B812DF7B31700D2E13F /* Debug */ = {
			isa = XCBuildConfiguration;
			buildSettings = {
				ASSETCATALOG_COMPILER_APPICON_NAME = AppIcon;
				ASSETCATALOG_COMPILER_GLOBAL_ACCENT_COLOR_NAME = AccentColor;
				CODE_SIGN_STYLE = Automatic;
				CURRENT_PROJECT_VERSION = 1;
				DEVELOPMENT_ASSET_PATHS = "\"CryptoCurrencies/Preview Content\"";
				ENABLE_PREVIEWS = YES;
				GENERATE_INFOPLIST_FILE = YES;
				INFOPLIST_KEY_UIApplicationSceneManifest_Generation = YES;
				INFOPLIST_KEY_UIApplicationSupportsIndirectInputEvents = YES;
				INFOPLIST_KEY_UILaunchScreen_Generation = YES;
				INFOPLIST_KEY_UISupportedInterfaceOrientations_iPad = "UIInterfaceOrientationPortrait UIInterfaceOrientationPortraitUpsideDown UIInterfaceOrientationLandscapeLeft UIInterfaceOrientationLandscapeRight";
				INFOPLIST_KEY_UISupportedInterfaceOrientations_iPhone = "UIInterfaceOrientationPortrait UIInterfaceOrientationLandscapeLeft UIInterfaceOrientationLandscapeRight";
				LD_RUNPATH_SEARCH_PATHS = (
					"$(inherited)",
					"@executable_path/Frameworks",
				);
				MARKETING_VERSION = 1.0;
				PRODUCT_BUNDLE_IDENTIFIER = com.CryptoCurrencies;
				PRODUCT_NAME = "$(TARGET_NAME)";
				SWIFT_EMIT_LOC_STRINGS = YES;
				SWIFT_VERSION = 5.0;
				TARGETED_DEVICE_FAMILY = "1,2";
			};
			name = Debug;
		};
		36EE4B822DF7B31700D2E13F /* Release */ = {
			isa = XCBuildConfiguration;
			buildSettings = {
				ASSETCATALOG_COMPILER_APPICON_NAME = AppIcon;
				ASSETCATALOG_COMPILER_GLOBAL_ACCENT_COLOR_NAME = AccentColor;
				CODE_SIGN_STYLE = Automatic;
				CURRENT_PROJECT_VERSION = 1;
				DEVELOPMENT_ASSET_PATHS = "\"CryptoCurrencies/Preview Content\"";
				ENABLE_PREVIEWS = YES;
				GENERATE_INFOPLIST_FILE = YES;
				INFOPLIST_KEY_UIApplicationSceneManifest_Generation = YES;
				INFOPLIST_KEY_UIApplicationSupportsIndirectInputEvents = YES;
				INFOPLIST_KEY_UILaunchScreen_Generation = YES;
				INFOPLIST_KEY_UISupportedInterfaceOrientations_iPad = "UIInterfaceOrientationPortrait UIInterfaceOrientationPortraitUpsideDown UIInterfaceOrientationLandscapeLeft UIInterfaceOrientationLandscapeRight";
				INFOPLIST_KEY_UISupportedInterfaceOrientations_iPhone = "UIInterfaceOrientationPortrait UIInterfaceOrientationLandscapeLeft UIInterfaceOrientationLandscapeRight";
				LD_RUNPATH_SEARCH_PATHS = (
					"$(inherited)",
					"@executable_path/Frameworks",
				);
				MARKETING_VERSION = 1.0;
				PRODUCT_BUNDLE_IDENTIFIER = com.CryptoCurrencies;
				PRODUCT_NAME = "$(TARGET_NAME)";
				SWIFT_EMIT_LOC_STRINGS = YES;
				SWIFT_VERSION = 5.0;
				TARGETED_DEVICE_FAMILY = "1,2";
			};
			name = Release;
		};
/* End XCBuildConfiguration section */

/* Begin XCConfigurationList section */
		36EE4B6D2DF7B31100D2E13F /* Build configuration list for PBXProject "CryptoCurrencies" */ = {
			isa = XCConfigurationList;
			buildConfigurations = (
				36EE4B7E2DF7B31700D2E13F /* Debug */,
				36EE4B7F2DF7B31700D2E13F /* Release */,
			);
			defaultConfigurationIsVisible = 0;
			defaultConfigurationName = Release;
		};
		36EE4B802DF7B31700D2E13F /* Build configuration list for PBXNativeTarget "CryptoCurrencies" */ = {
			isa = XCConfigurationList;
			buildConfigurations = (
				36EE4B812DF7B31700D2E13F /* Debug */,
				36EE4B822DF7B31700D2E13F /* Release */,
			);
			defaultConfigurationIsVisible = 0;
			defaultConfigurationName = Release;
		};
/* End XCConfigurationList section */
	};
	rootObject = 36EE4B6A2DF7B31100D2E13F /* Project object */;
}
