// !$*UTF8*$!
{
	archiveVersion = 1;
	classes = {
	};
	objectVersion = 55;
	objects = {

/* Begin PBXBuildFile section */
		D42BD5E7276F918F0069E26C /* Star_Wars_CatsApp.swift in Sources */ = {isa = PBXBuildFile; fileRef = D42BD5E6276F918F0069E26C /* Star_Wars_CatsApp.swift */; };
		D42BD5E9276F918F0069E26C /* ContentView.swift in Sources */ = {isa = PBXBuildFile; fileRef = D42BD5E8276F918F0069E26C /* ContentView.swift */; };
		D42BD5EB276F91940069E26C /* Assets.xcassets in Resources */ = {isa = PBXBuildFile; fileRef = D42BD5EA276F91940069E26C /* Assets.xcassets */; };
		D42BD5EE276F91940069E26C /* Preview Assets.xcassets in Resources */ = {isa = PBXBuildFile; fileRef = D42BD5ED276F91940069E26C /* Preview Assets.xcassets */; };
		D42BD5F5276F91D00069E26C /* Network.swift in Sources */ = {isa = PBXBuildFile; fileRef = D42BD5F4276F91D00069E26C /* Network.swift */; };
		D42BD5F7276F93B30069E26C /* Cat.swift in Sources */ = {isa = PBXBuildFile; fileRef = D42BD5F6276F93B30069E26C /* Cat.swift */; };
		D42BD5F9276F9A190069E26C /* CatListRow.swift in Sources */ = {isa = PBXBuildFile; fileRef = D42BD5F8276F9A190069E26C /* CatListRow.swift */; };
		D42BD5FB276FA9C30069E26C /* CatDetailedView.swift in Sources */ = {isa = PBXBuildFile; fileRef = D42BD5FA276FA9C30069E26C /* CatDetailedView.swift */; };
/* End PBXBuildFile section */

/* Begin PBXFileReference section */
		D42BD5E3276F918F0069E26C /* Star Wars Cats.app */ = {isa = PBXFileReference; explicitFileType = wrapper.application; includeInIndex = 0; path = "Star Wars Cats.app"; sourceTree = BUILT_PRODUCTS_DIR; };
		D42BD5E6276F918F0069E26C /* Star_Wars_CatsApp.swift */ = {isa = PBXFileReference; lastKnownFileType = sourcecode.swift; path = Star_Wars_CatsApp.swift; sourceTree = "<group>"; };
		D42BD5E8276F918F0069E26C /* ContentView.swift */ = {isa = PBXFileReference; lastKnownFileType = sourcecode.swift; path = ContentView.swift; sourceTree = "<group>"; };
		D42BD5EA276F91940069E26C /* Assets.xcassets */ = {isa = PBXFileReference; lastKnownFileType = folder.assetcatalog; path = Assets.xcassets; sourceTree = "<group>"; };
		D42BD5ED276F91940069E26C /* Preview Assets.xcassets */ = {isa = PBXFileReference; lastKnownFileType = folder.assetcatalog; path = "Preview Assets.xcassets"; sourceTree = "<group>"; };
		D42BD5F4276F91D00069E26C /* Network.swift */ = {isa = PBXFileReference; lastKnownFileType = sourcecode.swift; path = Network.swift; sourceTree = "<group>"; };
		D42BD5F6276F93B30069E26C /* Cat.swift */ = {isa = PBXFileReference; lastKnownFileType = sourcecode.swift; path = Cat.swift; sourceTree = "<group>"; };
		D42BD5F8276F9A190069E26C /* CatListRow.swift */ = {isa = PBXFileReference; lastKnownFileType = sourcecode.swift; path = CatListRow.swift; sourceTree = "<group>"; };
		D42BD5FA276FA9C30069E26C /* CatDetailedView.swift */ = {isa = PBXFileReference; lastKnownFileType = sourcecode.swift; path = CatDetailedView.swift; sourceTree = "<group>"; };
/* End PBXFileReference section */

/* Begin PBXFrameworksBuildPhase section */
		D42BD5E0276F918F0069E26C /* Frameworks */ = {
			isa = PBXFrameworksBuildPhase;
			buildActionMask = 2147483647;
			files = (
			);
			runOnlyForDeploymentPostprocessing = 0;
		};
/* End PBXFrameworksBuildPhase section */

/* Begin PBXGroup section */
		D413EC4D2772693900C1A1AB /* Model */ = {
			isa = PBXGroup;
			children = (
				D42BD5F6276F93B30069E26C /* Cat.swift */,
			);
			path = Model;
			sourceTree = "<group>";
		};
		D413EC4E2772695F00C1A1AB /* Views */ = {
			isa = PBXGroup;
			children = (
				D42BD5F8276F9A190069E26C /* CatListRow.swift */,
			);
			path = Views;
			sourceTree = "<group>";
		};
		D413EC4F2772697A00C1A1AB /* Controllers */ = {
			isa = PBXGroup;
			children = (
				D42BD5E8276F918F0069E26C /* ContentView.swift */,
				D42BD5FA276FA9C30069E26C /* CatDetailedView.swift */,
			);
			path = Controllers;
			sourceTree = "<group>";
		};
		D413EC50277269E300C1A1AB /* Managers */ = {
			isa = PBXGroup;
			children = (
				D42BD5E6276F918F0069E26C /* Star_Wars_CatsApp.swift */,
				D42BD5F4276F91D00069E26C /* Network.swift */,
			);
			path = Managers;
			sourceTree = "<group>";
		};
		D42BD5DA276F918F0069E26C = {
			isa = PBXGroup;
			children = (
				D42BD5E5276F918F0069E26C /* Star Wars Cats */,
				D42BD5E4276F918F0069E26C /* Products */,
			);
			sourceTree = "<group>";
		};
		D42BD5E4276F918F0069E26C /* Products */ = {
			isa = PBXGroup;
			children = (
				D42BD5E3276F918F0069E26C /* Star Wars Cats.app */,
			);
			name = Products;
			sourceTree = "<group>";
		};
		D42BD5E5276F918F0069E26C /* Star Wars Cats */ = {
			isa = PBXGroup;
			children = (
				D413EC50277269E300C1A1AB /* Managers */,
				D413EC4D2772693900C1A1AB /* Model */,
				D413EC4E2772695F00C1A1AB /* Views */,
				D413EC4F2772697A00C1A1AB /* Controllers */,
				D42BD5EA276F91940069E26C /* Assets.xcassets */,
				D42BD5EC276F91940069E26C /* Preview Content */,
			);
			path = "Star Wars Cats";
			sourceTree = "<group>";
		};
		D42BD5EC276F91940069E26C /* Preview Content */ = {
			isa = PBXGroup;
			children = (
				D42BD5ED276F91940069E26C /* Preview Assets.xcassets */,
			);
			path = "Preview Content";
			sourceTree = "<group>";
		};
/* End PBXGroup section */

/* Begin PBXNativeTarget section */
		D42BD5E2276F918F0069E26C /* Star Wars Cats */ = {
			isa = PBXNativeTarget;
			buildConfigurationList = D42BD5F1276F91940069E26C /* Build configuration list for PBXNativeTarget "Star Wars Cats" */;
			buildPhases = (
				D42BD5DF276F918F0069E26C /* Sources */,
				D42BD5E0276F918F0069E26C /* Frameworks */,
				D42BD5E1276F918F0069E26C /* Resources */,
			);
			buildRules = (
			);
			dependencies = (
			);
			name = "Star Wars Cats";
			productName = "Star Wars Cats";
			productReference = D42BD5E3276F918F0069E26C /* Star Wars Cats.app */;
			productType = "com.apple.product-type.application";
		};
/* End PBXNativeTarget section */

/* Begin PBXProject section */
		D42BD5DB276F918F0069E26C /* Project object */ = {
			isa = PBXProject;
			attributes = {
				BuildIndependentTargetsInParallel = 1;
				LastSwiftUpdateCheck = 1320;
				LastUpgradeCheck = 1320;
				TargetAttributes = {
					D42BD5E2276F918F0069E26C = {
						CreatedOnToolsVersion = 13.2;
					};
				};
			};
			buildConfigurationList = D42BD5DE276F918F0069E26C /* Build configuration list for PBXProject "Star Wars Cats" */;
			compatibilityVersion = "Xcode 13.0";
			developmentRegion = en;
			hasScannedForEncodings = 0;
			knownRegions = (
				en,
				Base,
			);
			mainGroup = D42BD5DA276F918F0069E26C;
			productRefGroup = D42BD5E4276F918F0069E26C /* Products */;
			projectDirPath = "";
			projectRoot = "";
			targets = (
				D42BD5E2276F918F0069E26C /* Star Wars Cats */,
			);
		};
/* End PBXProject section */

/* Begin PBXResourcesBuildPhase section */
		D42BD5E1276F918F0069E26C /* Resources */ = {
			isa = PBXResourcesBuildPhase;
			buildActionMask = 2147483647;
			files = (
				D42BD5EE276F91940069E26C /* Preview Assets.xcassets in Resources */,
				D42BD5EB276F91940069E26C /* Assets.xcassets in Resources */,
			);
			runOnlyForDeploymentPostprocessing = 0;
		};
/* End PBXResourcesBuildPhase section */

/* Begin PBXSourcesBuildPhase section */
		D42BD5DF276F918F0069E26C /* Sources */ = {
			isa = PBXSourcesBuildPhase;
			buildActionMask = 2147483647;
			files = (
				D42BD5F7276F93B30069E26C /* Cat.swift in Sources */,
				D42BD5E9276F918F0069E26C /* ContentView.swift in Sources */,
				D42BD5F9276F9A190069E26C /* CatListRow.swift in Sources */,
				D42BD5FB276FA9C30069E26C /* CatDetailedView.swift in Sources */,
				D42BD5E7276F918F0069E26C /* Star_Wars_CatsApp.swift in Sources */,
				D42BD5F5276F91D00069E26C /* Network.swift in Sources */,
			);
			runOnlyForDeploymentPostprocessing = 0;
		};
/* End PBXSourcesBuildPhase section */

/* Begin XCBuildConfiguration section */
		D42BD5EF276F91940069E26C /* Debug */ = {
			isa = XCBuildConfiguration;
			buildSettings = {
				ALWAYS_SEARCH_USER_PATHS = NO;
				CLANG_ANALYZER_NONNULL = YES;
				CLANG_ANALYZER_NUMBER_OBJECT_CONVERSION = YES_AGGRESSIVE;
				CLANG_CXX_LANGUAGE_STANDARD = "gnu++17";
				CLANG_CXX_LIBRARY = "libc++";
				CLANG_ENABLE_MODULES = YES;
				CLANG_ENABLE_OBJC_ARC = YES;
				CLANG_ENABLE_OBJC_WEAK = YES;
				CLANG_WARN_BLOCK_CAPTURE_AUTORELEASING = YES;
				CLANG_WARN_BOOL_CONVERSION = YES;
				CLANG_WARN_COMMA = YES;
				CLANG_WARN_CONSTANT_CONVERSION = YES;
				CLANG_WARN_DEPRECATED_OBJC_IMPLEMENTATIONS = YES;
				CLANG_WARN_DIRECT_OBJC_ISA_USAGE = YES_ERROR;
				CLANG_WARN_DOCUMENTATION_COMMENTS = YES;
				CLANG_WARN_EMPTY_BODY = YES;
				CLANG_WARN_ENUM_CONVERSION = YES;
				CLANG_WARN_INFINITE_RECURSION = YES;
				CLANG_WARN_INT_CONVERSION = YES;
				CLANG_WARN_NON_LITERAL_NULL_CONVERSION = YES;
				CLANG_WARN_OBJC_IMPLICIT_RETAIN_SELF = YES;
				CLANG_WARN_OBJC_LITERAL_CONVERSION = YES;
				CLANG_WARN_OBJC_ROOT_CLASS = YES_ERROR;
				CLANG_WARN_QUOTED_INCLUDE_IN_FRAMEWORK_HEADER = YES;
				CLANG_WARN_RANGE_LOOP_ANALYSIS = YES;
				CLANG_WARN_STRICT_PROTOTYPES = YES;
				CLANG_WARN_SUSPICIOUS_MOVE = YES;
				CLANG_WARN_UNGUARDED_AVAILABILITY = YES_AGGRESSIVE;
				CLANG_WARN_UNREACHABLE_CODE = YES;
				CLANG_WARN__DUPLICATE_METHOD_MATCH = YES;
				COPY_PHASE_STRIP = NO;
				DEBUG_INFORMATION_FORMAT = dwarf;
				ENABLE_STRICT_OBJC_MSGSEND = YES;
				ENABLE_TESTABILITY = YES;
				GCC_C_LANGUAGE_STANDARD = gnu11;
				GCC_DYNAMIC_NO_PIC = NO;
				GCC_NO_COMMON_BLOCKS = YES;
				GCC_OPTIMIZATION_LEVEL = 0;
				GCC_PREPROCESSOR_DEFINITIONS = (
					"DEBUG=1",
					"$(inherited)",
				);
				GCC_WARN_64_TO_32_BIT_CONVERSION = YES;
				GCC_WARN_ABOUT_RETURN_TYPE = YES_ERROR;
				GCC_WARN_UNDECLARED_SELECTOR = YES;
				GCC_WARN_UNINITIALIZED_AUTOS = YES_AGGRESSIVE;
				GCC_WARN_UNUSED_FUNCTION = YES;
				GCC_WARN_UNUSED_VARIABLE = YES;
				IPHONEOS_DEPLOYMENT_TARGET = 15.1;
				MTL_ENABLE_DEBUG_INFO = INCLUDE_SOURCE;
				MTL_FAST_MATH = YES;
				ONLY_ACTIVE_ARCH = YES;
				SDKROOT = iphoneos;
				SWIFT_ACTIVE_COMPILATION_CONDITIONS = DEBUG;
				SWIFT_OPTIMIZATION_LEVEL = "-Onone";
			};
			name = Debug;
		};
		D42BD5F0276F91940069E26C /* Release */ = {
			isa = XCBuildConfiguration;
			buildSettings = {
				ALWAYS_SEARCH_USER_PATHS = NO;
				CLANG_ANALYZER_NONNULL = YES;
				CLANG_ANALYZER_NUMBER_OBJECT_CONVERSION = YES_AGGRESSIVE;
				CLANG_CXX_LANGUAGE_STANDARD = "gnu++17";
				CLANG_CXX_LIBRARY = "libc++";
				CLANG_ENABLE_MODULES = YES;
				CLANG_ENABLE_OBJC_ARC = YES;
				CLANG_ENABLE_OBJC_WEAK = YES;
				CLANG_WARN_BLOCK_CAPTURE_AUTORELEASING = YES;
				CLANG_WARN_BOOL_CONVERSION = YES;
				CLANG_WARN_COMMA = YES;
				CLANG_WARN_CONSTANT_CONVERSION = YES;
				CLANG_WARN_DEPRECATED_OBJC_IMPLEMENTATIONS = YES;
				CLANG_WARN_DIRECT_OBJC_ISA_USAGE = YES_ERROR;
				CLANG_WARN_DOCUMENTATION_COMMENTS = YES;
				CLANG_WARN_EMPTY_BODY = YES;
				CLANG_WARN_ENUM_CONVERSION = YES;
				CLANG_WARN_INFINITE_RECURSION = YES;
				CLANG_WARN_INT_CONVERSION = YES;
				CLANG_WARN_NON_LITERAL_NULL_CONVERSION = YES;
				CLANG_WARN_OBJC_IMPLICIT_RETAIN_SELF = YES;
				CLANG_WARN_OBJC_LITERAL_CONVERSION = YES;
				CLANG_WARN_OBJC_ROOT_CLASS = YES_ERROR;
				CLANG_WARN_QUOTED_INCLUDE_IN_FRAMEWORK_HEADER = YES;
				CLANG_WARN_RANGE_LOOP_ANALYSIS = YES;
				CLANG_WARN_STRICT_PROTOTYPES = YES;
				CLANG_WARN_SUSPICIOUS_MOVE = YES;
				CLANG_WARN_UNGUARDED_AVAILABILITY = YES_AGGRESSIVE;
				CLANG_WARN_UNREACHABLE_CODE = YES;
				CLANG_WARN__DUPLICATE_METHOD_MATCH = YES;
				COPY_PHASE_STRIP = NO;
				DEBUG_INFORMATION_FORMAT = "dwarf-with-dsym";
				ENABLE_NS_ASSERTIONS = NO;
				ENABLE_STRICT_OBJC_MSGSEND = YES;
				GCC_C_LANGUAGE_STANDARD = gnu11;
				GCC_NO_COMMON_BLOCKS = YES;
				GCC_WARN_64_TO_32_BIT_CONVERSION = YES;
				GCC_WARN_ABOUT_RETURN_TYPE = YES_ERROR;
				GCC_WARN_UNDECLARED_SELECTOR = YES;
				GCC_WARN_UNINITIALIZED_AUTOS = YES_AGGRESSIVE;
				GCC_WARN_UNUSED_FUNCTION = YES;
				GCC_WARN_UNUSED_VARIABLE = YES;
				IPHONEOS_DEPLOYMENT_TARGET = 15.1;
				MTL_ENABLE_DEBUG_INFO = NO;
				MTL_FAST_MATH = YES;
				SDKROOT = iphoneos;
				SWIFT_COMPILATION_MODE = wholemodule;
				SWIFT_OPTIMIZATION_LEVEL = "-O";
				VALIDATE_PRODUCT = YES;
			};
			name = Release;
		};
		D42BD5F2276F91940069E26C /* Debug */ = {
			isa = XCBuildConfiguration;
			buildSettings = {
				ASSETCATALOG_COMPILER_APPICON_NAME = AppIcon;
				ASSETCATALOG_COMPILER_GLOBAL_ACCENT_COLOR_NAME = AccentColor;
				CODE_SIGN_STYLE = Automatic;
				CURRENT_PROJECT_VERSION = 1;
				DEVELOPMENT_ASSET_PATHS = "\"Star Wars Cats/Preview Content\"";
				DEVELOPMENT_TEAM = G734T24NGX;
				ENABLE_PREVIEWS = YES;
				GENERATE_INFOPLIST_FILE = YES;
				INFOPLIST_KEY_UIApplicationSceneManifest_Generation = YES;
				INFOPLIST_KEY_UIApplicationSupportsIndirectInputEvents = YES;
				INFOPLIST_KEY_UILaunchScreen_Generation = YES;
				INFOPLIST_KEY_UISupportedInterfaceOrientations_iPad = "UIInterfaceOrientationPortrait UIInterfaceOrientationPortraitUpsideDown UIInterfaceOrientationLandscapeLeft UIInterfaceOrientationLandscapeRight";
				INFOPLIST_KEY_UISupportedInterfaceOrientations_iPhone = "UIInterfaceOrientationPortrait UIInterfaceOrientationLandscapeLeft UIInterfaceOrientationLandscapeRight";
				LD_RUNPATH_SEARCH_PATHS = (
					"$(inherited)",
					"@executable_path/Frameworks",
				);
				MARKETING_VERSION = 1.0;
				PRODUCT_BUNDLE_IDENTIFIER = "com.bdev.Star-Wars-Cats";
				PRODUCT_NAME = "$(TARGET_NAME)";
				SWIFT_EMIT_LOC_STRINGS = YES;
				SWIFT_VERSION = 5.0;
				TARGETED_DEVICE_FAMILY = "1,2";
			};
			name = Debug;
		};
		D42BD5F3276F91940069E26C /* Release */ = {
			isa = XCBuildConfiguration;
			buildSettings = {
				ASSETCATALOG_COMPILER_APPICON_NAME = AppIcon;
				ASSETCATALOG_COMPILER_GLOBAL_ACCENT_COLOR_NAME = AccentColor;
				CODE_SIGN_STYLE = Automatic;
				CURRENT_PROJECT_VERSION = 1;
				DEVELOPMENT_ASSET_PATHS = "\"Star Wars Cats/Preview Content\"";
				DEVELOPMENT_TEAM = G734T24NGX;
				ENABLE_PREVIEWS = YES;
				GENERATE_INFOPLIST_FILE = YES;
				INFOPLIST_KEY_UIApplicationSceneManifest_Generation = YES;
				INFOPLIST_KEY_UIApplicationSupportsIndirectInputEvents = YES;
				INFOPLIST_KEY_UILaunchScreen_Generation = YES;
				INFOPLIST_KEY_UISupportedInterfaceOrientations_iPad = "UIInterfaceOrientationPortrait UIInterfaceOrientationPortraitUpsideDown UIInterfaceOrientationLandscapeLeft UIInterfaceOrientationLandscapeRight";
				INFOPLIST_KEY_UISupportedInterfaceOrientations_iPhone = "UIInterfaceOrientationPortrait UIInterfaceOrientationLandscapeLeft UIInterfaceOrientationLandscapeRight";
				LD_RUNPATH_SEARCH_PATHS = (
					"$(inherited)",
					"@executable_path/Frameworks",
				);
				MARKETING_VERSION = 1.0;
				PRODUCT_BUNDLE_IDENTIFIER = "com.bdev.Star-Wars-Cats";
				PRODUCT_NAME = "$(TARGET_NAME)";
				SWIFT_EMIT_LOC_STRINGS = YES;
				SWIFT_VERSION = 5.0;
				TARGETED_DEVICE_FAMILY = "1,2";
			};
			name = Release;
		};
/* End XCBuildConfiguration section */

/* Begin XCConfigurationList section */
		D42BD5DE276F918F0069E26C /* Build configuration list for PBXProject "Star Wars Cats" */ = {
			isa = XCConfigurationList;
			buildConfigurations = (
				D42BD5EF276F91940069E26C /* Debug */,
				D42BD5F0276F91940069E26C /* Release */,
			);
			defaultConfigurationIsVisible = 0;
			defaultConfigurationName = Release;
		};
		D42BD5F1276F91940069E26C /* Build configuration list for PBXNativeTarget "Star Wars Cats" */ = {
			isa = XCConfigurationList;
			buildConfigurations = (
				D42BD5F2276F91940069E26C /* Debug */,
				D42BD5F3276F91940069E26C /* Release */,
			);
			defaultConfigurationIsVisible = 0;
			defaultConfigurationName = Release;
		};
/* End XCConfigurationList section */
	};
	rootObject = D42BD5DB276F918F0069E26C /* Project object */;
}
