// !$*UTF8*$!
{
	archiveVersion = 1;
	classes = {
	};
	objectVersion = 56;
	objects = {

/* Begin PBXBuildFile section */
		369FC5882E29BE25003AE73D /* flashcards2.json in Resources */ = {isa = PBXBuildFile; fileRef = 369FC5872E29BE25003AE73D /* flashcards2.json */; };
		36D06C302E2827060092BE84 /* SwitchingLangsApp.swift in Sources */ = {isa = PBXBuildFile; fileRef = 36D06C2F2E2827060092BE84 /* SwitchingLangsApp.swift */; };
		36D06C322E2827060092BE84 /* ContentView.swift in Sources */ = {isa = PBXBuildFile; fileRef = 36D06C312E2827060092BE84 /* ContentView.swift */; };
		36D06C342E2827160092BE84 /* Assets.xcassets in Resources */ = {isa = PBXBuildFile; fileRef = 36D06C332E2827160092BE84 /* Assets.xcassets */; };
		36D06C382E2827160092BE84 /* Preview Assets.xcassets in Resources */ = {isa = PBXBuildFile; fileRef = 36D06C372E2827160092BE84 /* Preview Assets.xcassets */; };
		36D06C412E282AFD0092BE84 /* flashcards.json in Resources */ = {isa = PBXBuildFile; fileRef = 36D06C402E282AFD0092BE84 /* flashcards.json */; };
		36D06C432E282FD10092BE84 /* FlashCardViewModel.swift in Sources */ = {isa = PBXBuildFile; fileRef = 36D06C422E282FD10092BE84 /* FlashCardViewModel.swift */; };
		36D06C452E28361D0092BE84 /* FlashCardRow.swift in Sources */ = {isa = PBXBuildFile; fileRef = 36D06C442E28361D0092BE84 /* FlashCardRow.swift */; };
		36D06C472E2837A60092BE84 /* SpeechManager.swift in Sources */ = {isa = PBXBuildFile; fileRef = 36D06C462E2837A60092BE84 /* SpeechManager.swift */; };
		36D06C492E28397F0092BE84 /* sentences.json in Resources */ = {isa = PBXBuildFile; fileRef = 36D06C482E28397F0092BE84 /* sentences.json */; };
		36D06C4B2E283AA90092BE84 /* SentencesViewModel.swift in Sources */ = {isa = PBXBuildFile; fileRef = 36D06C4A2E283AA90092BE84 /* SentencesViewModel.swift */; };
/* End PBXBuildFile section */

/* Begin PBXFileReference section */
		369FC5872E29BE25003AE73D /* flashcards2.json */ = {isa = PBXFileReference; lastKnownFileType = text.json; path = flashcards2.json; sourceTree = "<group>"; };
		36D06C2C2E2827060092BE84 /* SwitchingLangs.app */ = {isa = PBXFileReference; explicitFileType = wrapper.application; includeInIndex = 0; path = SwitchingLangs.app; sourceTree = BUILT_PRODUCTS_DIR; };
		36D06C2F2E2827060092BE84 /* SwitchingLangsApp.swift */ = {isa = PBXFileReference; lastKnownFileType = sourcecode.swift; path = SwitchingLangsApp.swift; sourceTree = "<group>"; };
		36D06C312E2827060092BE84 /* ContentView.swift */ = {isa = PBXFileReference; lastKnownFileType = sourcecode.swift; path = ContentView.swift; sourceTree = "<group>"; };
		36D06C332E2827160092BE84 /* Assets.xcassets */ = {isa = PBXFileReference; lastKnownFileType = folder.assetcatalog; path = Assets.xcassets; sourceTree = "<group>"; };
		36D06C352E2827160092BE84 /* SwitchingLangs.entitlements */ = {isa = PBXFileReference; lastKnownFileType = text.plist.entitlements; path = SwitchingLangs.entitlements; sourceTree = "<group>"; };
		36D06C372E2827160092BE84 /* Preview Assets.xcassets */ = {isa = PBXFileReference; lastKnownFileType = folder.assetcatalog; path = "Preview Assets.xcassets"; sourceTree = "<group>"; };
		36D06C402E282AFD0092BE84 /* flashcards.json */ = {isa = PBXFileReference; lastKnownFileType = text.json; path = flashcards.json; sourceTree = "<group>"; };
		36D06C422E282FD10092BE84 /* FlashCardViewModel.swift */ = {isa = PBXFileReference; lastKnownFileType = sourcecode.swift; path = FlashCardViewModel.swift; sourceTree = "<group>"; };
		36D06C442E28361D0092BE84 /* FlashCardRow.swift */ = {isa = PBXFileReference; lastKnownFileType = sourcecode.swift; path = FlashCardRow.swift; sourceTree = "<group>"; };
		36D06C462E2837A60092BE84 /* SpeechManager.swift */ = {isa = PBXFileReference; lastKnownFileType = sourcecode.swift; path = SpeechManager.swift; sourceTree = "<group>"; };
		36D06C482E28397F0092BE84 /* sentences.json */ = {isa = PBXFileReference; lastKnownFileType = text.json; path = sentences.json; sourceTree = "<group>"; };
		36D06C4A2E283AA90092BE84 /* SentencesViewModel.swift */ = {isa = PBXFileReference; lastKnownFileType = sourcecode.swift; path = SentencesViewModel.swift; sourceTree = "<group>"; };
/* End PBXFileReference section */

/* Begin PBXFrameworksBuildPhase section */
		36D06C292E2827060092BE84 /* Frameworks */ = {
			isa = PBXFrameworksBuildPhase;
			buildActionMask = 2147483647;
			files = (
			);
			runOnlyForDeploymentPostprocessing = 0;
		};
/* End PBXFrameworksBuildPhase section */

/* Begin PBXGroup section */
		36D06C232E2827060092BE84 = {
			isa = PBXGroup;
			children = (
				36D06C2E2E2827060092BE84 /* SwitchingLangs */,
				36D06C2D2E2827060092BE84 /* Products */,
			);
			sourceTree = "<group>";
		};
		36D06C2D2E2827060092BE84 /* Products */ = {
			isa = PBXGroup;
			children = (
				36D06C2C2E2827060092BE84 /* SwitchingLangs.app */,
			);
			name = Products;
			sourceTree = "<group>";
		};
		36D06C2E2E2827060092BE84 /* SwitchingLangs */ = {
			isa = PBXGroup;
			children = (
				36D06C2F2E2827060092BE84 /* SwitchingLangsApp.swift */,
				36D06C312E2827060092BE84 /* ContentView.swift */,
				36D06C332E2827160092BE84 /* Assets.xcassets */,
				36D06C352E2827160092BE84 /* SwitchingLangs.entitlements */,
				36D06C362E2827160092BE84 /* Preview Content */,
				36D06C402E282AFD0092BE84 /* flashcards.json */,
				36D06C422E282FD10092BE84 /* FlashCardViewModel.swift */,
				36D06C442E28361D0092BE84 /* FlashCardRow.swift */,
				36D06C462E2837A60092BE84 /* SpeechManager.swift */,
				36D06C482E28397F0092BE84 /* sentences.json */,
				36D06C4A2E283AA90092BE84 /* SentencesViewModel.swift */,
				369FC5872E29BE25003AE73D /* flashcards2.json */,
			);
			path = SwitchingLangs;
			sourceTree = "<group>";
		};
		36D06C362E2827160092BE84 /* Preview Content */ = {
			isa = PBXGroup;
			children = (
				36D06C372E2827160092BE84 /* Preview Assets.xcassets */,
			);
			path = "Preview Content";
			sourceTree = "<group>";
		};
/* End PBXGroup section */

/* Begin PBXNativeTarget section */
		36D06C2B2E2827060092BE84 /* SwitchingLangs */ = {
			isa = PBXNativeTarget;
			buildConfigurationList = 36D06C3B2E2827160092BE84 /* Build configuration list for PBXNativeTarget "SwitchingLangs" */;
			buildPhases = (
				36D06C282E2827060092BE84 /* Sources */,
				36D06C292E2827060092BE84 /* Frameworks */,
				36D06C2A2E2827060092BE84 /* Resources */,
			);
			buildRules = (
			);
			dependencies = (
			);
			name = SwitchingLangs;
			productName = SwitchingLangs;
			productReference = 36D06C2C2E2827060092BE84 /* SwitchingLangs.app */;
			productType = "com.apple.product-type.application";
		};
/* End PBXNativeTarget section */

/* Begin PBXProject section */
		36D06C242E2827060092BE84 /* Project object */ = {
			isa = PBXProject;
			attributes = {
				BuildIndependentTargetsInParallel = 1;
				LastSwiftUpdateCheck = 1430;
				LastUpgradeCheck = 1430;
				TargetAttributes = {
					36D06C2B2E2827060092BE84 = {
						CreatedOnToolsVersion = 14.3.1;
					};
				};
			};
			buildConfigurationList = 36D06C272E2827060092BE84 /* Build configuration list for PBXProject "SwitchingLangs" */;
			compatibilityVersion = "Xcode 14.0";
			developmentRegion = en;
			hasScannedForEncodings = 0;
			knownRegions = (
				en,
				Base,
			);
			mainGroup = 36D06C232E2827060092BE84;
			productRefGroup = 36D06C2D2E2827060092BE84 /* Products */;
			projectDirPath = "";
			projectRoot = "";
			targets = (
				36D06C2B2E2827060092BE84 /* SwitchingLangs */,
			);
		};
/* End PBXProject section */

/* Begin PBXResourcesBuildPhase section */
		36D06C2A2E2827060092BE84 /* Resources */ = {
			isa = PBXResourcesBuildPhase;
			buildActionMask = 2147483647;
			files = (
				36D06C412E282AFD0092BE84 /* flashcards.json in Resources */,
				369FC5882E29BE25003AE73D /* flashcards2.json in Resources */,
				36D06C492E28397F0092BE84 /* sentences.json in Resources */,
				36D06C382E2827160092BE84 /* Preview Assets.xcassets in Resources */,
				36D06C342E2827160092BE84 /* Assets.xcassets in Resources */,
			);
			runOnlyForDeploymentPostprocessing = 0;
		};
/* End PBXResourcesBuildPhase section */

/* Begin PBXSourcesBuildPhase section */
		36D06C282E2827060092BE84 /* Sources */ = {
			isa = PBXSourcesBuildPhase;
			buildActionMask = 2147483647;
			files = (
				36D06C432E282FD10092BE84 /* FlashCardViewModel.swift in Sources */,
				36D06C472E2837A60092BE84 /* SpeechManager.swift in Sources */,
				36D06C452E28361D0092BE84 /* FlashCardRow.swift in Sources */,
				36D06C4B2E283AA90092BE84 /* SentencesViewModel.swift in Sources */,
				36D06C322E2827060092BE84 /* ContentView.swift in Sources */,
				36D06C302E2827060092BE84 /* SwitchingLangsApp.swift in Sources */,
			);
			runOnlyForDeploymentPostprocessing = 0;
		};
/* End PBXSourcesBuildPhase section */

/* Begin XCBuildConfiguration section */
		36D06C392E2827160092BE84 /* Debug */ = {
			isa = XCBuildConfiguration;
			buildSettings = {
				ALWAYS_SEARCH_USER_PATHS = NO;
				CLANG_ANALYZER_NONNULL = YES;
				CLANG_ANALYZER_NUMBER_OBJECT_CONVERSION = YES_AGGRESSIVE;
				CLANG_CXX_LANGUAGE_STANDARD = "gnu++20";
				CLANG_ENABLE_MODULES = YES;
				CLANG_ENABLE_OBJC_ARC = YES;
				CLANG_ENABLE_OBJC_WEAK = YES;
				CLANG_WARN_BLOCK_CAPTURE_AUTORELEASING = YES;
				CLANG_WARN_BOOL_CONVERSION = YES;
				CLANG_WARN_COMMA = YES;
				CLANG_WARN_CONSTANT_CONVERSION = YES;
				CLANG_WARN_DEPRECATED_OBJC_IMPLEMENTATIONS = YES;
				CLANG_WARN_DIRECT_OBJC_ISA_USAGE = YES_ERROR;
				CLANG_WARN_DOCUMENTATION_COMMENTS = YES;
				CLANG_WARN_EMPTY_BODY = YES;
				CLANG_WARN_ENUM_CONVERSION = YES;
				CLANG_WARN_INFINITE_RECURSION = YES;
				CLANG_WARN_INT_CONVERSION = YES;
				CLANG_WARN_NON_LITERAL_NULL_CONVERSION = YES;
				CLANG_WARN_OBJC_IMPLICIT_RETAIN_SELF = YES;
				CLANG_WARN_OBJC_LITERAL_CONVERSION = YES;
				CLANG_WARN_OBJC_ROOT_CLASS = YES_ERROR;
				CLANG_WARN_QUOTED_INCLUDE_IN_FRAMEWORK_HEADER = YES;
				CLANG_WARN_RANGE_LOOP_ANALYSIS = YES;
				CLANG_WARN_STRICT_PROTOTYPES = YES;
				CLANG_WARN_SUSPICIOUS_MOVE = YES;
				CLANG_WARN_UNGUARDED_AVAILABILITY = YES_AGGRESSIVE;
				CLANG_WARN_UNREACHABLE_CODE = YES;
				CLANG_WARN__DUPLICATE_METHOD_MATCH = YES;
				COPY_PHASE_STRIP = NO;
				DEBUG_INFORMATION_FORMAT = dwarf;
				ENABLE_STRICT_OBJC_MSGSEND = YES;
				ENABLE_TESTABILITY = YES;
				GCC_C_LANGUAGE_STANDARD = gnu11;
				GCC_DYNAMIC_NO_PIC = NO;
				GCC_NO_COMMON_BLOCKS = YES;
				GCC_OPTIMIZATION_LEVEL = 0;
				GCC_PREPROCESSOR_DEFINITIONS = (
					"DEBUG=1",
					"$(inherited)",
				);
				GCC_WARN_64_TO_32_BIT_CONVERSION = YES;
				GCC_WARN_ABOUT_RETURN_TYPE = YES_ERROR;
				GCC_WARN_UNDECLARED_SELECTOR = YES;
				GCC_WARN_UNINITIALIZED_AUTOS = YES_AGGRESSIVE;
				GCC_WARN_UNUSED_FUNCTION = YES;
				GCC_WARN_UNUSED_VARIABLE = YES;
				MTL_ENABLE_DEBUG_INFO = INCLUDE_SOURCE;
				MTL_FAST_MATH = YES;
				ONLY_ACTIVE_ARCH = YES;
				SWIFT_ACTIVE_COMPILATION_CONDITIONS = DEBUG;
				SWIFT_OPTIMIZATION_LEVEL = "-Onone";
			};
			name = Debug;
		};
		36D06C3A2E2827160092BE84 /* Release */ = {
			isa = XCBuildConfiguration;
			buildSettings = {
				ALWAYS_SEARCH_USER_PATHS = NO;
				CLANG_ANALYZER_NONNULL = YES;
				CLANG_ANALYZER_NUMBER_OBJECT_CONVERSION = YES_AGGRESSIVE;
				CLANG_CXX_LANGUAGE_STANDARD = "gnu++20";
				CLANG_ENABLE_MODULES = YES;
				CLANG_ENABLE_OBJC_ARC = YES;
				CLANG_ENABLE_OBJC_WEAK = YES;
				CLANG_WARN_BLOCK_CAPTURE_AUTORELEASING = YES;
				CLANG_WARN_BOOL_CONVERSION = YES;
				CLANG_WARN_COMMA = YES;
				CLANG_WARN_CONSTANT_CONVERSION = YES;
				CLANG_WARN_DEPRECATED_OBJC_IMPLEMENTATIONS = YES;
				CLANG_WARN_DIRECT_OBJC_ISA_USAGE = YES_ERROR;
				CLANG_WARN_DOCUMENTATION_COMMENTS = YES;
				CLANG_WARN_EMPTY_BODY = YES;
				CLANG_WARN_ENUM_CONVERSION = YES;
				CLANG_WARN_INFINITE_RECURSION = YES;
				CLANG_WARN_INT_CONVERSION = YES;
				CLANG_WARN_NON_LITERAL_NULL_CONVERSION = YES;
				CLANG_WARN_OBJC_IMPLICIT_RETAIN_SELF = YES;
				CLANG_WARN_OBJC_LITERAL_CONVERSION = YES;
				CLANG_WARN_OBJC_ROOT_CLASS = YES_ERROR;
				CLANG_WARN_QUOTED_INCLUDE_IN_FRAMEWORK_HEADER = YES;
				CLANG_WARN_RANGE_LOOP_ANALYSIS = YES;
				CLANG_WARN_STRICT_PROTOTYPES = YES;
				CLANG_WARN_SUSPICIOUS_MOVE = YES;
				CLANG_WARN_UNGUARDED_AVAILABILITY = YES_AGGRESSIVE;
				CLANG_WARN_UNREACHABLE_CODE = YES;
				CLANG_WARN__DUPLICATE_METHOD_MATCH = YES;
				COPY_PHASE_STRIP = NO;
				DEBUG_INFORMATION_FORMAT = "dwarf-with-dsym";
				ENABLE_NS_ASSERTIONS = NO;
				ENABLE_STRICT_OBJC_MSGSEND = YES;
				GCC_C_LANGUAGE_STANDARD = gnu11;
				GCC_NO_COMMON_BLOCKS = YES;
				GCC_WARN_64_TO_32_BIT_CONVERSION = YES;
				GCC_WARN_ABOUT_RETURN_TYPE = YES_ERROR;
				GCC_WARN_UNDECLARED_SELECTOR = YES;
				GCC_WARN_UNINITIALIZED_AUTOS = YES_AGGRESSIVE;
				GCC_WARN_UNUSED_FUNCTION = YES;
				GCC_WARN_UNUSED_VARIABLE = YES;
				MTL_ENABLE_DEBUG_INFO = NO;
				MTL_FAST_MATH = YES;
				SWIFT_COMPILATION_MODE = wholemodule;
				SWIFT_OPTIMIZATION_LEVEL = "-O";
			};
			name = Release;
		};
		36D06C3C2E2827160092BE84 /* Debug */ = {
			isa = XCBuildConfiguration;
			buildSettings = {
				ASSETCATALOG_COMPILER_APPICON_NAME = AppIcon;
				ASSETCATALOG_COMPILER_GLOBAL_ACCENT_COLOR_NAME = AccentColor;
				CODE_SIGN_ENTITLEMENTS = SwitchingLangs/SwitchingLangs.entitlements;
				CODE_SIGN_STYLE = Automatic;
				CURRENT_PROJECT_VERSION = 1;
				DEVELOPMENT_ASSET_PATHS = "\"SwitchingLangs/Preview Content\"";
				ENABLE_PREVIEWS = YES;
				GENERATE_INFOPLIST_FILE = YES;
				"INFOPLIST_KEY_UIApplicationSceneManifest_Generation[sdk=iphoneos*]" = YES;
				"INFOPLIST_KEY_UIApplicationSceneManifest_Generation[sdk=iphonesimulator*]" = YES;
				"INFOPLIST_KEY_UIApplicationSupportsIndirectInputEvents[sdk=iphoneos*]" = YES;
				"INFOPLIST_KEY_UIApplicationSupportsIndirectInputEvents[sdk=iphonesimulator*]" = YES;
				"INFOPLIST_KEY_UILaunchScreen_Generation[sdk=iphoneos*]" = YES;
				"INFOPLIST_KEY_UILaunchScreen_Generation[sdk=iphonesimulator*]" = YES;
				"INFOPLIST_KEY_UIStatusBarStyle[sdk=iphoneos*]" = UIStatusBarStyleDefault;
				"INFOPLIST_KEY_UIStatusBarStyle[sdk=iphonesimulator*]" = UIStatusBarStyleDefault;
				INFOPLIST_KEY_UISupportedInterfaceOrientations_iPad = "UIInterfaceOrientationPortrait UIInterfaceOrientationPortraitUpsideDown UIInterfaceOrientationLandscapeLeft UIInterfaceOrientationLandscapeRight";
				INFOPLIST_KEY_UISupportedInterfaceOrientations_iPhone = "UIInterfaceOrientationPortrait UIInterfaceOrientationLandscapeLeft UIInterfaceOrientationLandscapeRight";
				IPHONEOS_DEPLOYMENT_TARGET = 16.4;
				LD_RUNPATH_SEARCH_PATHS = "@executable_path/Frameworks";
				"LD_RUNPATH_SEARCH_PATHS[sdk=macosx*]" = "@executable_path/../Frameworks";
				MACOSX_DEPLOYMENT_TARGET = 13.3;
				MARKETING_VERSION = 1.0;
				PRODUCT_BUNDLE_IDENTIFIER = com.SwitchingLangs;
				PRODUCT_NAME = "$(TARGET_NAME)";
				SDKROOT = auto;
				SUPPORTED_PLATFORMS = "iphoneos iphonesimulator macosx";
				SWIFT_EMIT_LOC_STRINGS = YES;
				SWIFT_VERSION = 5.0;
				TARGETED_DEVICE_FAMILY = "1,2";
			};
			name = Debug;
		};
		36D06C3D2E2827160092BE84 /* Release */ = {
			isa = XCBuildConfiguration;
			buildSettings = {
				ASSETCATALOG_COMPILER_APPICON_NAME = AppIcon;
				ASSETCATALOG_COMPILER_GLOBAL_ACCENT_COLOR_NAME = AccentColor;
				CODE_SIGN_ENTITLEMENTS = SwitchingLangs/SwitchingLangs.entitlements;
				CODE_SIGN_STYLE = Automatic;
				CURRENT_PROJECT_VERSION = 1;
				DEVELOPMENT_ASSET_PATHS = "\"SwitchingLangs/Preview Content\"";
				ENABLE_PREVIEWS = YES;
				GENERATE_INFOPLIST_FILE = YES;
				"INFOPLIST_KEY_UIApplicationSceneManifest_Generation[sdk=iphoneos*]" = YES;
				"INFOPLIST_KEY_UIApplicationSceneManifest_Generation[sdk=iphonesimulator*]" = YES;
				"INFOPLIST_KEY_UIApplicationSupportsIndirectInputEvents[sdk=iphoneos*]" = YES;
				"INFOPLIST_KEY_UIApplicationSupportsIndirectInputEvents[sdk=iphonesimulator*]" = YES;
				"INFOPLIST_KEY_UILaunchScreen_Generation[sdk=iphoneos*]" = YES;
				"INFOPLIST_KEY_UILaunchScreen_Generation[sdk=iphonesimulator*]" = YES;
				"INFOPLIST_KEY_UIStatusBarStyle[sdk=iphoneos*]" = UIStatusBarStyleDefault;
				"INFOPLIST_KEY_UIStatusBarStyle[sdk=iphonesimulator*]" = UIStatusBarStyleDefault;
				INFOPLIST_KEY_UISupportedInterfaceOrientations_iPad = "UIInterfaceOrientationPortrait UIInterfaceOrientationPortraitUpsideDown UIInterfaceOrientationLandscapeLeft UIInterfaceOrientationLandscapeRight";
				INFOPLIST_KEY_UISupportedInterfaceOrientations_iPhone = "UIInterfaceOrientationPortrait UIInterfaceOrientationLandscapeLeft UIInterfaceOrientationLandscapeRight";
				IPHONEOS_DEPLOYMENT_TARGET = 16.4;
				LD_RUNPATH_SEARCH_PATHS = "@executable_path/Frameworks";
				"LD_RUNPATH_SEARCH_PATHS[sdk=macosx*]" = "@executable_path/../Frameworks";
				MACOSX_DEPLOYMENT_TARGET = 13.3;
				MARKETING_VERSION = 1.0;
				PRODUCT_BUNDLE_IDENTIFIER = com.SwitchingLangs;
				PRODUCT_NAME = "$(TARGET_NAME)";
				SDKROOT = auto;
				SUPPORTED_PLATFORMS = "iphoneos iphonesimulator macosx";
				SWIFT_EMIT_LOC_STRINGS = YES;
				SWIFT_VERSION = 5.0;
				TARGETED_DEVICE_FAMILY = "1,2";
			};
			name = Release;
		};
/* End XCBuildConfiguration section */

/* Begin XCConfigurationList section */
		36D06C272E2827060092BE84 /* Build configuration list for PBXProject "SwitchingLangs" */ = {
			isa = XCConfigurationList;
			buildConfigurations = (
				36D06C392E2827160092BE84 /* Debug */,
				36D06C3A2E2827160092BE84 /* Release */,
			);
			defaultConfigurationIsVisible = 0;
			defaultConfigurationName = Release;
		};
		36D06C3B2E2827160092BE84 /* Build configuration list for PBXNativeTarget "SwitchingLangs" */ = {
			isa = XCConfigurationList;
			buildConfigurations = (
				36D06C3C2E2827160092BE84 /* Debug */,
				36D06C3D2E2827160092BE84 /* Release */,
			);
			defaultConfigurationIsVisible = 0;
			defaultConfigurationName = Release;
		};
/* End XCConfigurationList section */
	};
	rootObject = 36D06C242E2827060092BE84 /* Project object */;
}
