// !$*UTF8*$!
{
	archiveVersion = 1;
	classes = {
	};
	objectVersion = 56;
	objects = {

/* Begin PBXBuildFile section */
		D4D446B52B83A7C90005023C /* User.swift in Sources */ = {isa = PBXBuildFile; fileRef = D4D446B42B83A7C90005023C /* User.swift */; };
		D4D446B72B83AC740005023C /* UserViewModel.swift in Sources */ = {isa = PBXBuildFile; fileRef = D4D446B62B83AC740005023C /* UserViewModel.swift */; };
		D4D446BA2B83B56C0005023C /* UserProductsDetailedView.swift in Sources */ = {isa = PBXBuildFile; fileRef = D4D446B92B83B56C0005023C /* UserProductsDetailedView.swift */; };
		D4EB93D62B8275B3008DB36B /* SwiftMarketiOSApp.swift in Sources */ = {isa = PBXBuildFile; fileRef = D4EB93D52B8275B3008DB36B /* SwiftMarketiOSApp.swift */; };
		D4EB93D82B8275B3008DB36B /* ContentView.swift in Sources */ = {isa = PBXBuildFile; fileRef = D4EB93D72B8275B3008DB36B /* ContentView.swift */; };
		D4EB93DA2B8275B7008DB36B /* Assets.xcassets in Resources */ = {isa = PBXBuildFile; fileRef = D4EB93D92B8275B7008DB36B /* Assets.xcassets */; };
		D4EB93DD2B8275B7008DB36B /* Preview Assets.xcassets in Resources */ = {isa = PBXBuildFile; fileRef = D4EB93DC2B8275B7008DB36B /* Preview Assets.xcassets */; };
		D4EB93E62B82762E008DB36B /* ResourceRequest.swift in Sources */ = {isa = PBXBuildFile; fileRef = D4EB93E52B82762E008DB36B /* ResourceRequest.swift */; };
		D4EB93E82B827729008DB36B /* ResourceRequestError.swift in Sources */ = {isa = PBXBuildFile; fileRef = D4EB93E72B827729008DB36B /* ResourceRequestError.swift */; };
		D4EB93EB2B8278C7008DB36B /* ProductViewModel.swift in Sources */ = {isa = PBXBuildFile; fileRef = D4EB93EA2B8278C7008DB36B /* ProductViewModel.swift */; };
		D4EB93ED2B827B11008DB36B /* Product.swift in Sources */ = {isa = PBXBuildFile; fileRef = D4EB93EC2B827B11008DB36B /* Product.swift */; };
/* End PBXBuildFile section */

/* Begin PBXFileReference section */
		D4D446B42B83A7C90005023C /* User.swift */ = {isa = PBXFileReference; lastKnownFileType = sourcecode.swift; path = User.swift; sourceTree = "<group>"; };
		D4D446B62B83AC740005023C /* UserViewModel.swift */ = {isa = PBXFileReference; lastKnownFileType = sourcecode.swift; path = UserViewModel.swift; sourceTree = "<group>"; };
		D4D446B92B83B56C0005023C /* UserProductsDetailedView.swift */ = {isa = PBXFileReference; lastKnownFileType = sourcecode.swift; path = UserProductsDetailedView.swift; sourceTree = "<group>"; };
		D4EB93D22B8275B3008DB36B /* SwiftMarketiOS.app */ = {isa = PBXFileReference; explicitFileType = wrapper.application; includeInIndex = 0; path = SwiftMarketiOS.app; sourceTree = BUILT_PRODUCTS_DIR; };
		D4EB93D52B8275B3008DB36B /* SwiftMarketiOSApp.swift */ = {isa = PBXFileReference; lastKnownFileType = sourcecode.swift; path = SwiftMarketiOSApp.swift; sourceTree = "<group>"; };
		D4EB93D72B8275B3008DB36B /* ContentView.swift */ = {isa = PBXFileReference; lastKnownFileType = sourcecode.swift; path = ContentView.swift; sourceTree = "<group>"; };
		D4EB93D92B8275B7008DB36B /* Assets.xcassets */ = {isa = PBXFileReference; lastKnownFileType = folder.assetcatalog; path = Assets.xcassets; sourceTree = "<group>"; };
		D4EB93DC2B8275B7008DB36B /* Preview Assets.xcassets */ = {isa = PBXFileReference; lastKnownFileType = folder.assetcatalog; path = "Preview Assets.xcassets"; sourceTree = "<group>"; };
		D4EB93DE2B8275B7008DB36B /* SwiftMarketiOS.entitlements */ = {isa = PBXFileReference; lastKnownFileType = text.plist.entitlements; path = SwiftMarketiOS.entitlements; sourceTree = "<group>"; };
		D4EB93E52B82762E008DB36B /* ResourceRequest.swift */ = {isa = PBXFileReference; lastKnownFileType = sourcecode.swift; path = ResourceRequest.swift; sourceTree = "<group>"; };
		D4EB93E72B827729008DB36B /* ResourceRequestError.swift */ = {isa = PBXFileReference; lastKnownFileType = sourcecode.swift; path = ResourceRequestError.swift; sourceTree = "<group>"; };
		D4EB93EA2B8278C7008DB36B /* ProductViewModel.swift */ = {isa = PBXFileReference; lastKnownFileType = sourcecode.swift; path = ProductViewModel.swift; sourceTree = "<group>"; };
		D4EB93EC2B827B11008DB36B /* Product.swift */ = {isa = PBXFileReference; lastKnownFileType = sourcecode.swift; path = Product.swift; sourceTree = "<group>"; };
		D4EB93F12B828575008DB36B /* Info.plist */ = {isa = PBXFileReference; lastKnownFileType = text.plist; path = Info.plist; sourceTree = "<group>"; };
/* End PBXFileReference section */

/* Begin PBXFrameworksBuildPhase section */
		D4EB93CF2B8275B3008DB36B /* Frameworks */ = {
			isa = PBXFrameworksBuildPhase;
			buildActionMask = 2147483647;
			files = (
			);
			runOnlyForDeploymentPostprocessing = 0;
		};
/* End PBXFrameworksBuildPhase section */

/* Begin PBXGroup section */
		D4D446B32B83A7BA0005023C /* Models */ = {
			isa = PBXGroup;
			children = (
				D4D446B42B83A7C90005023C /* User.swift */,
				D4D446B62B83AC740005023C /* UserViewModel.swift */,
			);
			path = Models;
			sourceTree = "<group>";
		};
		D4D446B82B83B55D0005023C /* Views */ = {
			isa = PBXGroup;
			children = (
				D4D446B92B83B56C0005023C /* UserProductsDetailedView.swift */,
			);
			path = Views;
			sourceTree = "<group>";
		};
		D4EB93C92B8275B2008DB36B = {
			isa = PBXGroup;
			children = (
				D4EB93D42B8275B3008DB36B /* SwiftMarketiOS */,
				D4EB93D32B8275B3008DB36B /* Products */,
			);
			sourceTree = "<group>";
		};
		D4EB93D32B8275B3008DB36B /* Products */ = {
			isa = PBXGroup;
			children = (
				D4EB93D22B8275B3008DB36B /* SwiftMarketiOS.app */,
			);
			name = Products;
			sourceTree = "<group>";
		};
		D4EB93D42B8275B3008DB36B /* SwiftMarketiOS */ = {
			isa = PBXGroup;
			children = (
				D4EB93F12B828575008DB36B /* Info.plist */,
				D4EB93F02B827BEF008DB36B /* Category */,
				D4EB93EF2B827BE6008DB36B /* User */,
				D4EB93E92B8278A7008DB36B /* Product */,
				D4EB93E42B827609008DB36B /* Utilities */,
				D4EB93D52B8275B3008DB36B /* SwiftMarketiOSApp.swift */,
				D4EB93D72B8275B3008DB36B /* ContentView.swift */,
				D4EB93D92B8275B7008DB36B /* Assets.xcassets */,
				D4EB93DE2B8275B7008DB36B /* SwiftMarketiOS.entitlements */,
				D4EB93DB2B8275B7008DB36B /* Preview Content */,
			);
			path = SwiftMarketiOS;
			sourceTree = "<group>";
		};
		D4EB93DB2B8275B7008DB36B /* Preview Content */ = {
			isa = PBXGroup;
			children = (
				D4EB93DC2B8275B7008DB36B /* Preview Assets.xcassets */,
			);
			path = "Preview Content";
			sourceTree = "<group>";
		};
		D4EB93E42B827609008DB36B /* Utilities */ = {
			isa = PBXGroup;
			children = (
				D4EB93E52B82762E008DB36B /* ResourceRequest.swift */,
				D4EB93E72B827729008DB36B /* ResourceRequestError.swift */,
			);
			path = Utilities;
			sourceTree = "<group>";
		};
		D4EB93E92B8278A7008DB36B /* Product */ = {
			isa = PBXGroup;
			children = (
				D4EB93EE2B827BCB008DB36B /* Models */,
			);
			path = Product;
			sourceTree = "<group>";
		};
		D4EB93EE2B827BCB008DB36B /* Models */ = {
			isa = PBXGroup;
			children = (
				D4EB93EC2B827B11008DB36B /* Product.swift */,
				D4EB93EA2B8278C7008DB36B /* ProductViewModel.swift */,
			);
			path = Models;
			sourceTree = "<group>";
		};
		D4EB93EF2B827BE6008DB36B /* User */ = {
			isa = PBXGroup;
			children = (
				D4D446B82B83B55D0005023C /* Views */,
				D4D446B32B83A7BA0005023C /* Models */,
			);
			path = User;
			sourceTree = "<group>";
		};
		D4EB93F02B827BEF008DB36B /* Category */ = {
			isa = PBXGroup;
			children = (
			);
			path = Category;
			sourceTree = "<group>";
		};
/* End PBXGroup section */

/* Begin PBXNativeTarget section */
		D4EB93D12B8275B3008DB36B /* SwiftMarketiOS */ = {
			isa = PBXNativeTarget;
			buildConfigurationList = D4EB93E12B8275B7008DB36B /* Build configuration list for PBXNativeTarget "SwiftMarketiOS" */;
			buildPhases = (
				D4EB93CE2B8275B3008DB36B /* Sources */,
				D4EB93CF2B8275B3008DB36B /* Frameworks */,
				D4EB93D02B8275B3008DB36B /* Resources */,
			);
			buildRules = (
			);
			dependencies = (
			);
			name = SwiftMarketiOS;
			productName = SwiftMarketiOS;
			productReference = D4EB93D22B8275B3008DB36B /* SwiftMarketiOS.app */;
			productType = "com.apple.product-type.application";
		};
/* End PBXNativeTarget section */

/* Begin PBXProject section */
		D4EB93CA2B8275B2008DB36B /* Project object */ = {
			isa = PBXProject;
			attributes = {
				BuildIndependentTargetsInParallel = 1;
				LastSwiftUpdateCheck = 1520;
				LastUpgradeCheck = 1520;
				TargetAttributes = {
					D4EB93D12B8275B3008DB36B = {
						CreatedOnToolsVersion = 15.2;
					};
				};
			};
			buildConfigurationList = D4EB93CD2B8275B2008DB36B /* Build configuration list for PBXProject "SwiftMarketiOS" */;
			compatibilityVersion = "Xcode 14.0";
			developmentRegion = en;
			hasScannedForEncodings = 0;
			knownRegions = (
				en,
				Base,
			);
			mainGroup = D4EB93C92B8275B2008DB36B;
			productRefGroup = D4EB93D32B8275B3008DB36B /* Products */;
			projectDirPath = "";
			projectRoot = "";
			targets = (
				D4EB93D12B8275B3008DB36B /* SwiftMarketiOS */,
			);
		};
/* End PBXProject section */

/* Begin PBXResourcesBuildPhase section */
		D4EB93D02B8275B3008DB36B /* Resources */ = {
			isa = PBXResourcesBuildPhase;
			buildActionMask = 2147483647;
			files = (
				D4EB93DD2B8275B7008DB36B /* Preview Assets.xcassets in Resources */,
				D4EB93DA2B8275B7008DB36B /* Assets.xcassets in Resources */,
			);
			runOnlyForDeploymentPostprocessing = 0;
		};
/* End PBXResourcesBuildPhase section */

/* Begin PBXSourcesBuildPhase section */
		D4EB93CE2B8275B3008DB36B /* Sources */ = {
			isa = PBXSourcesBuildPhase;
			buildActionMask = 2147483647;
			files = (
				D4EB93E82B827729008DB36B /* ResourceRequestError.swift in Sources */,
				D4D446B72B83AC740005023C /* UserViewModel.swift in Sources */,
				D4EB93D82B8275B3008DB36B /* ContentView.swift in Sources */,
				D4EB93E62B82762E008DB36B /* ResourceRequest.swift in Sources */,
				D4D446BA2B83B56C0005023C /* UserProductsDetailedView.swift in Sources */,
				D4EB93D62B8275B3008DB36B /* SwiftMarketiOSApp.swift in Sources */,
				D4EB93EB2B8278C7008DB36B /* ProductViewModel.swift in Sources */,
				D4EB93ED2B827B11008DB36B /* Product.swift in Sources */,
				D4D446B52B83A7C90005023C /* User.swift in Sources */,
			);
			runOnlyForDeploymentPostprocessing = 0;
		};
/* End PBXSourcesBuildPhase section */

/* Begin XCBuildConfiguration section */
		D4EB93DF2B8275B7008DB36B /* Debug */ = {
			isa = XCBuildConfiguration;
			buildSettings = {
				ALWAYS_SEARCH_USER_PATHS = NO;
				ASSETCATALOG_COMPILER_GENERATE_SWIFT_ASSET_SYMBOL_EXTENSIONS = YES;
				CLANG_ANALYZER_NONNULL = YES;
				CLANG_ANALYZER_NUMBER_OBJECT_CONVERSION = YES_AGGRESSIVE;
				CLANG_CXX_LANGUAGE_STANDARD = "gnu++20";
				CLANG_ENABLE_MODULES = YES;
				CLANG_ENABLE_OBJC_ARC = YES;
				CLANG_ENABLE_OBJC_WEAK = YES;
				CLANG_WARN_BLOCK_CAPTURE_AUTORELEASING = YES;
				CLANG_WARN_BOOL_CONVERSION = YES;
				CLANG_WARN_COMMA = YES;
				CLANG_WARN_CONSTANT_CONVERSION = YES;
				CLANG_WARN_DEPRECATED_OBJC_IMPLEMENTATIONS = YES;
				CLANG_WARN_DIRECT_OBJC_ISA_USAGE = YES_ERROR;
				CLANG_WARN_DOCUMENTATION_COMMENTS = YES;
				CLANG_WARN_EMPTY_BODY = YES;
				CLANG_WARN_ENUM_CONVERSION = YES;
				CLANG_WARN_INFINITE_RECURSION = YES;
				CLANG_WARN_INT_CONVERSION = YES;
				CLANG_WARN_NON_LITERAL_NULL_CONVERSION = YES;
				CLANG_WARN_OBJC_IMPLICIT_RETAIN_SELF = YES;
				CLANG_WARN_OBJC_LITERAL_CONVERSION = YES;
				CLANG_WARN_OBJC_ROOT_CLASS = YES_ERROR;
				CLANG_WARN_QUOTED_INCLUDE_IN_FRAMEWORK_HEADER = YES;
				CLANG_WARN_RANGE_LOOP_ANALYSIS = YES;
				CLANG_WARN_STRICT_PROTOTYPES = YES;
				CLANG_WARN_SUSPICIOUS_MOVE = YES;
				CLANG_WARN_UNGUARDED_AVAILABILITY = YES_AGGRESSIVE;
				CLANG_WARN_UNREACHABLE_CODE = YES;
				CLANG_WARN__DUPLICATE_METHOD_MATCH = YES;
				COPY_PHASE_STRIP = NO;
				DEBUG_INFORMATION_FORMAT = dwarf;
				ENABLE_STRICT_OBJC_MSGSEND = YES;
				ENABLE_TESTABILITY = YES;
				ENABLE_USER_SCRIPT_SANDBOXING = YES;
				GCC_C_LANGUAGE_STANDARD = gnu17;
				GCC_DYNAMIC_NO_PIC = NO;
				GCC_NO_COMMON_BLOCKS = YES;
				GCC_OPTIMIZATION_LEVEL = 0;
				GCC_PREPROCESSOR_DEFINITIONS = (
					"DEBUG=1",
					"$(inherited)",
				);
				GCC_WARN_64_TO_32_BIT_CONVERSION = YES;
				GCC_WARN_ABOUT_RETURN_TYPE = YES_ERROR;
				GCC_WARN_UNDECLARED_SELECTOR = YES;
				GCC_WARN_UNINITIALIZED_AUTOS = YES_AGGRESSIVE;
				GCC_WARN_UNUSED_FUNCTION = YES;
				GCC_WARN_UNUSED_VARIABLE = YES;
				LOCALIZATION_PREFERS_STRING_CATALOGS = YES;
				MACOSX_DEPLOYMENT_TARGET = 13.6;
				MTL_ENABLE_DEBUG_INFO = INCLUDE_SOURCE;
				MTL_FAST_MATH = YES;
				ONLY_ACTIVE_ARCH = YES;
				SDKROOT = macosx;
				SWIFT_ACTIVE_COMPILATION_CONDITIONS = "DEBUG $(inherited)";
				SWIFT_OPTIMIZATION_LEVEL = "-Onone";
			};
			name = Debug;
		};
		D4EB93E02B8275B7008DB36B /* Release */ = {
			isa = XCBuildConfiguration;
			buildSettings = {
				ALWAYS_SEARCH_USER_PATHS = NO;
				ASSETCATALOG_COMPILER_GENERATE_SWIFT_ASSET_SYMBOL_EXTENSIONS = YES;
				CLANG_ANALYZER_NONNULL = YES;
				CLANG_ANALYZER_NUMBER_OBJECT_CONVERSION = YES_AGGRESSIVE;
				CLANG_CXX_LANGUAGE_STANDARD = "gnu++20";
				CLANG_ENABLE_MODULES = YES;
				CLANG_ENABLE_OBJC_ARC = YES;
				CLANG_ENABLE_OBJC_WEAK = YES;
				CLANG_WARN_BLOCK_CAPTURE_AUTORELEASING = YES;
				CLANG_WARN_BOOL_CONVERSION = YES;
				CLANG_WARN_COMMA = YES;
				CLANG_WARN_CONSTANT_CONVERSION = YES;
				CLANG_WARN_DEPRECATED_OBJC_IMPLEMENTATIONS = YES;
				CLANG_WARN_DIRECT_OBJC_ISA_USAGE = YES_ERROR;
				CLANG_WARN_DOCUMENTATION_COMMENTS = YES;
				CLANG_WARN_EMPTY_BODY = YES;
				CLANG_WARN_ENUM_CONVERSION = YES;
				CLANG_WARN_INFINITE_RECURSION = YES;
				CLANG_WARN_INT_CONVERSION = YES;
				CLANG_WARN_NON_LITERAL_NULL_CONVERSION = YES;
				CLANG_WARN_OBJC_IMPLICIT_RETAIN_SELF = YES;
				CLANG_WARN_OBJC_LITERAL_CONVERSION = YES;
				CLANG_WARN_OBJC_ROOT_CLASS = YES_ERROR;
				CLANG_WARN_QUOTED_INCLUDE_IN_FRAMEWORK_HEADER = YES;
				CLANG_WARN_RANGE_LOOP_ANALYSIS = YES;
				CLANG_WARN_STRICT_PROTOTYPES = YES;
				CLANG_WARN_SUSPICIOUS_MOVE = YES;
				CLANG_WARN_UNGUARDED_AVAILABILITY = YES_AGGRESSIVE;
				CLANG_WARN_UNREACHABLE_CODE = YES;
				CLANG_WARN__DUPLICATE_METHOD_MATCH = YES;
				COPY_PHASE_STRIP = NO;
				DEBUG_INFORMATION_FORMAT = "dwarf-with-dsym";
				ENABLE_NS_ASSERTIONS = NO;
				ENABLE_STRICT_OBJC_MSGSEND = YES;
				ENABLE_USER_SCRIPT_SANDBOXING = YES;
				GCC_C_LANGUAGE_STANDARD = gnu17;
				GCC_NO_COMMON_BLOCKS = YES;
				GCC_WARN_64_TO_32_BIT_CONVERSION = YES;
				GCC_WARN_ABOUT_RETURN_TYPE = YES_ERROR;
				GCC_WARN_UNDECLARED_SELECTOR = YES;
				GCC_WARN_UNINITIALIZED_AUTOS = YES_AGGRESSIVE;
				GCC_WARN_UNUSED_FUNCTION = YES;
				GCC_WARN_UNUSED_VARIABLE = YES;
				LOCALIZATION_PREFERS_STRING_CATALOGS = YES;
				MACOSX_DEPLOYMENT_TARGET = 13.6;
				MTL_ENABLE_DEBUG_INFO = NO;
				MTL_FAST_MATH = YES;
				SDKROOT = macosx;
				SWIFT_COMPILATION_MODE = wholemodule;
			};
			name = Release;
		};
		D4EB93E22B8275B7008DB36B /* Debug */ = {
			isa = XCBuildConfiguration;
			buildSettings = {
				ASSETCATALOG_COMPILER_APPICON_NAME = AppIcon;
				ASSETCATALOG_COMPILER_GLOBAL_ACCENT_COLOR_NAME = AccentColor;
				CODE_SIGN_ENTITLEMENTS = SwiftMarketiOS/SwiftMarketiOS.entitlements;
				CODE_SIGN_STYLE = Automatic;
				COMBINE_HIDPI_IMAGES = YES;
				CURRENT_PROJECT_VERSION = 1;
				DEVELOPMENT_ASSET_PATHS = "\"SwiftMarketiOS/Preview Content\"";
				DEVELOPMENT_TEAM = G734T24NGX;
				ENABLE_HARDENED_RUNTIME = YES;
				ENABLE_PREVIEWS = YES;
				GENERATE_INFOPLIST_FILE = YES;
				INFOPLIST_FILE = SwiftMarketiOS/Info.plist;
				INFOPLIST_KEY_CFBundleDisplayName = "";
				INFOPLIST_KEY_LSApplicationCategoryType = "";
				INFOPLIST_KEY_NSHumanReadableCopyright = "";
				LD_RUNPATH_SEARCH_PATHS = (
					"$(inherited)",
					"@executable_path/../Frameworks",
				);
				MARKETING_VERSION = 1.0;
				PRODUCT_BUNDLE_IDENTIFIER = com.pluginTest.SwiftMarketiOS;
				PRODUCT_NAME = "$(TARGET_NAME)";
				SWIFT_EMIT_LOC_STRINGS = YES;
				SWIFT_VERSION = 5.0;
			};
			name = Debug;
		};
		D4EB93E32B8275B7008DB36B /* Release */ = {
			isa = XCBuildConfiguration;
			buildSettings = {
				ASSETCATALOG_COMPILER_APPICON_NAME = AppIcon;
				ASSETCATALOG_COMPILER_GLOBAL_ACCENT_COLOR_NAME = AccentColor;
				CODE_SIGN_ENTITLEMENTS = SwiftMarketiOS/SwiftMarketiOS.entitlements;
				CODE_SIGN_STYLE = Automatic;
				COMBINE_HIDPI_IMAGES = YES;
				CURRENT_PROJECT_VERSION = 1;
				DEVELOPMENT_ASSET_PATHS = "\"SwiftMarketiOS/Preview Content\"";
				DEVELOPMENT_TEAM = G734T24NGX;
				ENABLE_HARDENED_RUNTIME = YES;
				ENABLE_PREVIEWS = YES;
				GENERATE_INFOPLIST_FILE = YES;
				INFOPLIST_FILE = SwiftMarketiOS/Info.plist;
				INFOPLIST_KEY_CFBundleDisplayName = "";
				INFOPLIST_KEY_LSApplicationCategoryType = "";
				INFOPLIST_KEY_NSHumanReadableCopyright = "";
				LD_RUNPATH_SEARCH_PATHS = (
					"$(inherited)",
					"@executable_path/../Frameworks",
				);
				MARKETING_VERSION = 1.0;
				PRODUCT_BUNDLE_IDENTIFIER = com.pluginTest.SwiftMarketiOS;
				PRODUCT_NAME = "$(TARGET_NAME)";
				SWIFT_EMIT_LOC_STRINGS = YES;
				SWIFT_VERSION = 5.0;
			};
			name = Release;
		};
/* End XCBuildConfiguration section */

/* Begin XCConfigurationList section */
		D4EB93CD2B8275B2008DB36B /* Build configuration list for PBXProject "SwiftMarketiOS" */ = {
			isa = XCConfigurationList;
			buildConfigurations = (
				D4EB93DF2B8275B7008DB36B /* Debug */,
				D4EB93E02B8275B7008DB36B /* Release */,
			);
			defaultConfigurationIsVisible = 0;
			defaultConfigurationName = Release;
		};
		D4EB93E12B8275B7008DB36B /* Build configuration list for PBXNativeTarget "SwiftMarketiOS" */ = {
			isa = XCConfigurationList;
			buildConfigurations = (
				D4EB93E22B8275B7008DB36B /* Debug */,
				D4EB93E32B8275B7008DB36B /* Release */,
			);
			defaultConfigurationIsVisible = 0;
			defaultConfigurationName = Release;
		};
/* End XCConfigurationList section */
	};
	rootObject = D4EB93CA2B8275B2008DB36B /* Project object */;
}
