// !$*UTF8*$!
{
	archiveVersion = 1;
	classes = {
	};
	objectVersion = 56;
	objects = {

/* Begin PBXBuildFile section */
		360944A52E91550D00DA5682 /* ProductCardView.swift in Sources */ = {isa = PBXBuildFile; fileRef = 360944A42E91550D00DA5682 /* ProductCardView.swift */; };
		360944A72E91580300DA5682 /* ContentViewModel.swift in Sources */ = {isa = PBXBuildFile; fileRef = 360944A62E91580300DA5682 /* ContentViewModel.swift */; };
		360944A92E915AD700DA5682 /* ImagePickerController.swift in Sources */ = {isa = PBXBuildFile; fileRef = 360944A82E915AD700DA5682 /* ImagePickerController.swift */; };
		360944AC2E915E6000DA5682 /* AppColors.xcassets in Resources */ = {isa = PBXBuildFile; fileRef = 360944AB2E915E6000DA5682 /* AppColors.xcassets */; };
		360944AF2E91601000DA5682 /* Ext+Color.swift in Sources */ = {isa = PBXBuildFile; fileRef = 360944AE2E91601000DA5682 /* Ext+Color.swift */; };
		362015652E90AC330076F06B /* CameraView.swift in Sources */ = {isa = PBXBuildFile; fileRef = 362015642E90AC330076F06B /* CameraView.swift */; };
		362015672E90AC7B0076F06B /* SettingsView.swift in Sources */ = {isa = PBXBuildFile; fileRef = 362015662E90AC7B0076F06B /* SettingsView.swift */; };
		362015692E90ACB80076F06B /* FavoritesView.swift in Sources */ = {isa = PBXBuildFile; fileRef = 362015682E90ACB80076F06B /* FavoritesView.swift */; };
		364A7F7A2E8FF17B009A9F04 /* ProductsDemoApp.swift in Sources */ = {isa = PBXBuildFile; fileRef = 364A7F792E8FF17B009A9F04 /* ProductsDemoApp.swift */; };
		364A7F7C2E8FF17B009A9F04 /* ContentView.swift in Sources */ = {isa = PBXBuildFile; fileRef = 364A7F7B2E8FF17B009A9F04 /* ContentView.swift */; };
		364A7F7E2E8FF17D009A9F04 /* Assets.xcassets in Resources */ = {isa = PBXBuildFile; fileRef = 364A7F7D2E8FF17D009A9F04 /* Assets.xcassets */; };
		364A7F812E8FF17D009A9F04 /* Preview Assets.xcassets in Resources */ = {isa = PBXBuildFile; fileRef = 364A7F802E8FF17D009A9F04 /* Preview Assets.xcassets */; };
		364A7F832E8FF17D009A9F04 /* Persistence.swift in Sources */ = {isa = PBXBuildFile; fileRef = 364A7F822E8FF17D009A9F04 /* Persistence.swift */; };
		364A7F862E8FF17D009A9F04 /* ProductsDemo.xcdatamodeld in Sources */ = {isa = PBXBuildFile; fileRef = 364A7F842E8FF17D009A9F04 /* ProductsDemo.xcdatamodeld */; };
		364A7F8E2E8FF261009A9F04 /* UserLoginView.swift in Sources */ = {isa = PBXBuildFile; fileRef = 364A7F8D2E8FF261009A9F04 /* UserLoginView.swift */; };
		364A7F902E90026D009A9F04 /* AddProductView.swift in Sources */ = {isa = PBXBuildFile; fileRef = 364A7F8F2E90026D009A9F04 /* AddProductView.swift */; };
		364A7F932E9002F6009A9F04 /* ProductsViewModel.swift in Sources */ = {isa = PBXBuildFile; fileRef = 364A7F922E9002F6009A9F04 /* ProductsViewModel.swift */; };
		364A7F952E90115F009A9F04 /* AddCategoryView.swift in Sources */ = {isa = PBXBuildFile; fileRef = 364A7F942E90115F009A9F04 /* AddCategoryView.swift */; };
		364A7F972E902873009A9F04 /* ProductChartView.swift in Sources */ = {isa = PBXBuildFile; fileRef = 364A7F962E902873009A9F04 /* ProductChartView.swift */; };
/* End PBXBuildFile section */

/* Begin PBXFileReference section */
		360944A42E91550D00DA5682 /* ProductCardView.swift */ = {isa = PBXFileReference; lastKnownFileType = sourcecode.swift; path = ProductCardView.swift; sourceTree = "<group>"; };
		360944A62E91580300DA5682 /* ContentViewModel.swift */ = {isa = PBXFileReference; lastKnownFileType = sourcecode.swift; path = ContentViewModel.swift; sourceTree = "<group>"; };
		360944A82E915AD700DA5682 /* ImagePickerController.swift */ = {isa = PBXFileReference; lastKnownFileType = sourcecode.swift; path = ImagePickerController.swift; sourceTree = "<group>"; };
		360944AB2E915E6000DA5682 /* AppColors.xcassets */ = {isa = PBXFileReference; lastKnownFileType = folder.assetcatalog; path = AppColors.xcassets; sourceTree = "<group>"; };
		360944AE2E91601000DA5682 /* Ext+Color.swift */ = {isa = PBXFileReference; lastKnownFileType = sourcecode.swift; path = "Ext+Color.swift"; sourceTree = "<group>"; };
		362015642E90AC330076F06B /* CameraView.swift */ = {isa = PBXFileReference; lastKnownFileType = sourcecode.swift; path = CameraView.swift; sourceTree = "<group>"; };
		362015662E90AC7B0076F06B /* SettingsView.swift */ = {isa = PBXFileReference; lastKnownFileType = sourcecode.swift; path = SettingsView.swift; sourceTree = "<group>"; };
		362015682E90ACB80076F06B /* FavoritesView.swift */ = {isa = PBXFileReference; lastKnownFileType = sourcecode.swift; path = FavoritesView.swift; sourceTree = "<group>"; };
		364A7F762E8FF17B009A9F04 /* ProductsDemo.app */ = {isa = PBXFileReference; explicitFileType = wrapper.application; includeInIndex = 0; path = ProductsDemo.app; sourceTree = BUILT_PRODUCTS_DIR; };
		364A7F792E8FF17B009A9F04 /* ProductsDemoApp.swift */ = {isa = PBXFileReference; lastKnownFileType = sourcecode.swift; path = ProductsDemoApp.swift; sourceTree = "<group>"; };
		364A7F7B2E8FF17B009A9F04 /* ContentView.swift */ = {isa = PBXFileReference; lastKnownFileType = sourcecode.swift; path = ContentView.swift; sourceTree = "<group>"; };
		364A7F7D2E8FF17D009A9F04 /* Assets.xcassets */ = {isa = PBXFileReference; lastKnownFileType = folder.assetcatalog; path = Assets.xcassets; sourceTree = "<group>"; };
		364A7F802E8FF17D009A9F04 /* Preview Assets.xcassets */ = {isa = PBXFileReference; lastKnownFileType = folder.assetcatalog; path = "Preview Assets.xcassets"; sourceTree = "<group>"; };
		364A7F822E8FF17D009A9F04 /* Persistence.swift */ = {isa = PBXFileReference; lastKnownFileType = sourcecode.swift; path = Persistence.swift; sourceTree = "<group>"; };
		364A7F852E8FF17D009A9F04 /* ProductsDemo.xcdatamodel */ = {isa = PBXFileReference; lastKnownFileType = wrapper.xcdatamodel; path = ProductsDemo.xcdatamodel; sourceTree = "<group>"; };
		364A7F8D2E8FF261009A9F04 /* UserLoginView.swift */ = {isa = PBXFileReference; lastKnownFileType = sourcecode.swift; path = UserLoginView.swift; sourceTree = "<group>"; };
		364A7F8F2E90026D009A9F04 /* AddProductView.swift */ = {isa = PBXFileReference; lastKnownFileType = sourcecode.swift; path = AddProductView.swift; sourceTree = "<group>"; };
		364A7F922E9002F6009A9F04 /* ProductsViewModel.swift */ = {isa = PBXFileReference; lastKnownFileType = sourcecode.swift; path = ProductsViewModel.swift; sourceTree = "<group>"; };
		364A7F942E90115F009A9F04 /* AddCategoryView.swift */ = {isa = PBXFileReference; lastKnownFileType = sourcecode.swift; path = AddCategoryView.swift; sourceTree = "<group>"; };
		364A7F962E902873009A9F04 /* ProductChartView.swift */ = {isa = PBXFileReference; lastKnownFileType = sourcecode.swift; path = ProductChartView.swift; sourceTree = "<group>"; };
/* End PBXFileReference section */

/* Begin PBXFrameworksBuildPhase section */
		364A7F732E8FF17B009A9F04 /* Frameworks */ = {
			isa = PBXFrameworksBuildPhase;
			buildActionMask = 2147483647;
			files = (
			);
			runOnlyForDeploymentPostprocessing = 0;
		};
/* End PBXFrameworksBuildPhase section */

/* Begin PBXGroup section */
		360944A32E9154F800DA5682 /* Views */ = {
			isa = PBXGroup;
			children = (
				364A7F962E902873009A9F04 /* ProductChartView.swift */,
				364A7F942E90115F009A9F04 /* AddCategoryView.swift */,
				364A7F8F2E90026D009A9F04 /* AddProductView.swift */,
				360944A42E91550D00DA5682 /* ProductCardView.swift */,
				360944A82E915AD700DA5682 /* ImagePickerController.swift */,
			);
			path = Views;
			sourceTree = "<group>";
		};
		360944AA2E915B2200DA5682 /* Main */ = {
			isa = PBXGroup;
			children = (
				364A7F7B2E8FF17B009A9F04 /* ContentView.swift */,
			);
			path = Main;
			sourceTree = "<group>";
		};
		360944AD2E915FF900DA5682 /* Helpers */ = {
			isa = PBXGroup;
			children = (
				360944AE2E91601000DA5682 /* Ext+Color.swift */,
			);
			path = Helpers;
			sourceTree = "<group>";
		};
		364A7F6D2E8FF17B009A9F04 = {
			isa = PBXGroup;
			children = (
				364A7F782E8FF17B009A9F04 /* ProductsDemo */,
				364A7F772E8FF17B009A9F04 /* Products */,
			);
			sourceTree = "<group>";
		};
		364A7F772E8FF17B009A9F04 /* Products */ = {
			isa = PBXGroup;
			children = (
				364A7F762E8FF17B009A9F04 /* ProductsDemo.app */,
			);
			name = Products;
			sourceTree = "<group>";
		};
		364A7F782E8FF17B009A9F04 /* ProductsDemo */ = {
			isa = PBXGroup;
			children = (
				360944AD2E915FF900DA5682 /* Helpers */,
				360944AA2E915B2200DA5682 /* Main */,
				360944A32E9154F800DA5682 /* Views */,
				364A7F912E9002D6009A9F04 /* Models */,
				364A7F8C2E8FF24B009A9F04 /* Screens */,
				364A7F792E8FF17B009A9F04 /* ProductsDemoApp.swift */,
				364A7F7D2E8FF17D009A9F04 /* Assets.xcassets */,
				360944AB2E915E6000DA5682 /* AppColors.xcassets */,
				364A7F822E8FF17D009A9F04 /* Persistence.swift */,
				364A7F842E8FF17D009A9F04 /* ProductsDemo.xcdatamodeld */,
				364A7F7F2E8FF17D009A9F04 /* Preview Content */,
			);
			path = ProductsDemo;
			sourceTree = "<group>";
		};
		364A7F7F2E8FF17D009A9F04 /* Preview Content */ = {
			isa = PBXGroup;
			children = (
				364A7F802E8FF17D009A9F04 /* Preview Assets.xcassets */,
			);
			path = "Preview Content";
			sourceTree = "<group>";
		};
		364A7F8C2E8FF24B009A9F04 /* Screens */ = {
			isa = PBXGroup;
			children = (
				364A7F8D2E8FF261009A9F04 /* UserLoginView.swift */,
				362015642E90AC330076F06B /* CameraView.swift */,
				362015662E90AC7B0076F06B /* SettingsView.swift */,
				362015682E90ACB80076F06B /* FavoritesView.swift */,
			);
			path = Screens;
			sourceTree = "<group>";
		};
		364A7F912E9002D6009A9F04 /* Models */ = {
			isa = PBXGroup;
			children = (
				364A7F922E9002F6009A9F04 /* ProductsViewModel.swift */,
				360944A62E91580300DA5682 /* ContentViewModel.swift */,
			);
			path = Models;
			sourceTree = "<group>";
		};
/* End PBXGroup section */

/* Begin PBXNativeTarget section */
		364A7F752E8FF17B009A9F04 /* ProductsDemo */ = {
			isa = PBXNativeTarget;
			buildConfigurationList = 364A7F892E8FF17D009A9F04 /* Build configuration list for PBXNativeTarget "ProductsDemo" */;
			buildPhases = (
				364A7F722E8FF17B009A9F04 /* Sources */,
				364A7F732E8FF17B009A9F04 /* Frameworks */,
				364A7F742E8FF17B009A9F04 /* Resources */,
			);
			buildRules = (
			);
			dependencies = (
			);
			name = ProductsDemo;
			productName = ProductsDemo;
			productReference = 364A7F762E8FF17B009A9F04 /* ProductsDemo.app */;
			productType = "com.apple.product-type.application";
		};
/* End PBXNativeTarget section */

/* Begin PBXProject section */
		364A7F6E2E8FF17B009A9F04 /* Project object */ = {
			isa = PBXProject;
			attributes = {
				BuildIndependentTargetsInParallel = 1;
				LastSwiftUpdateCheck = 1430;
				LastUpgradeCheck = 1430;
				TargetAttributes = {
					364A7F752E8FF17B009A9F04 = {
						CreatedOnToolsVersion = 14.3.1;
					};
				};
			};
			buildConfigurationList = 364A7F712E8FF17B009A9F04 /* Build configuration list for PBXProject "ProductsDemo" */;
			compatibilityVersion = "Xcode 14.0";
			developmentRegion = en;
			hasScannedForEncodings = 0;
			knownRegions = (
				en,
				Base,
			);
			mainGroup = 364A7F6D2E8FF17B009A9F04;
			productRefGroup = 364A7F772E8FF17B009A9F04 /* Products */;
			projectDirPath = "";
			projectRoot = "";
			targets = (
				364A7F752E8FF17B009A9F04 /* ProductsDemo */,
			);
		};
/* End PBXProject section */

/* Begin PBXResourcesBuildPhase section */
		364A7F742E8FF17B009A9F04 /* Resources */ = {
			isa = PBXResourcesBuildPhase;
			buildActionMask = 2147483647;
			files = (
				364A7F812E8FF17D009A9F04 /* Preview Assets.xcassets in Resources */,
				364A7F7E2E8FF17D009A9F04 /* Assets.xcassets in Resources */,
				360944AC2E915E6000DA5682 /* AppColors.xcassets in Resources */,
			);
			runOnlyForDeploymentPostprocessing = 0;
		};
/* End PBXResourcesBuildPhase section */

/* Begin PBXSourcesBuildPhase section */
		364A7F722E8FF17B009A9F04 /* Sources */ = {
			isa = PBXSourcesBuildPhase;
			buildActionMask = 2147483647;
			files = (
				364A7F902E90026D009A9F04 /* AddProductView.swift in Sources */,
				364A7F972E902873009A9F04 /* ProductChartView.swift in Sources */,
				364A7F8E2E8FF261009A9F04 /* UserLoginView.swift in Sources */,
				362015652E90AC330076F06B /* CameraView.swift in Sources */,
				364A7F952E90115F009A9F04 /* AddCategoryView.swift in Sources */,
				360944AF2E91601000DA5682 /* Ext+Color.swift in Sources */,
				364A7F932E9002F6009A9F04 /* ProductsViewModel.swift in Sources */,
				364A7F832E8FF17D009A9F04 /* Persistence.swift in Sources */,
				360944A92E915AD700DA5682 /* ImagePickerController.swift in Sources */,
				364A7F7C2E8FF17B009A9F04 /* ContentView.swift in Sources */,
				362015692E90ACB80076F06B /* FavoritesView.swift in Sources */,
				364A7F862E8FF17D009A9F04 /* ProductsDemo.xcdatamodeld in Sources */,
				360944A72E91580300DA5682 /* ContentViewModel.swift in Sources */,
				364A7F7A2E8FF17B009A9F04 /* ProductsDemoApp.swift in Sources */,
				360944A52E91550D00DA5682 /* ProductCardView.swift in Sources */,
				362015672E90AC7B0076F06B /* SettingsView.swift in Sources */,
			);
			runOnlyForDeploymentPostprocessing = 0;
		};
/* End PBXSourcesBuildPhase section */

/* Begin XCBuildConfiguration section */
		364A7F872E8FF17D009A9F04 /* Debug */ = {
			isa = XCBuildConfiguration;
			buildSettings = {
				ALWAYS_SEARCH_USER_PATHS = NO;
				CLANG_ANALYZER_NONNULL = YES;
				CLANG_ANALYZER_NUMBER_OBJECT_CONVERSION = YES_AGGRESSIVE;
				CLANG_CXX_LANGUAGE_STANDARD = "gnu++20";
				CLANG_ENABLE_MODULES = YES;
				CLANG_ENABLE_OBJC_ARC = YES;
				CLANG_ENABLE_OBJC_WEAK = YES;
				CLANG_WARN_BLOCK_CAPTURE_AUTORELEASING = YES;
				CLANG_WARN_BOOL_CONVERSION = YES;
				CLANG_WARN_COMMA = YES;
				CLANG_WARN_CONSTANT_CONVERSION = YES;
				CLANG_WARN_DEPRECATED_OBJC_IMPLEMENTATIONS = YES;
				CLANG_WARN_DIRECT_OBJC_ISA_USAGE = YES_ERROR;
				CLANG_WARN_DOCUMENTATION_COMMENTS = YES;
				CLANG_WARN_EMPTY_BODY = YES;
				CLANG_WARN_ENUM_CONVERSION = YES;
				CLANG_WARN_INFINITE_RECURSION = YES;
				CLANG_WARN_INT_CONVERSION = YES;
				CLANG_WARN_NON_LITERAL_NULL_CONVERSION = YES;
				CLANG_WARN_OBJC_IMPLICIT_RETAIN_SELF = YES;
				CLANG_WARN_OBJC_LITERAL_CONVERSION = YES;
				CLANG_WARN_OBJC_ROOT_CLASS = YES_ERROR;
				CLANG_WARN_QUOTED_INCLUDE_IN_FRAMEWORK_HEADER = YES;
				CLANG_WARN_RANGE_LOOP_ANALYSIS = YES;
				CLANG_WARN_STRICT_PROTOTYPES = YES;
				CLANG_WARN_SUSPICIOUS_MOVE = YES;
				CLANG_WARN_UNGUARDED_AVAILABILITY = YES_AGGRESSIVE;
				CLANG_WARN_UNREACHABLE_CODE = YES;
				CLANG_WARN__DUPLICATE_METHOD_MATCH = YES;
				COPY_PHASE_STRIP = NO;
				DEBUG_INFORMATION_FORMAT = dwarf;
				ENABLE_STRICT_OBJC_MSGSEND = YES;
				ENABLE_TESTABILITY = YES;
				GCC_C_LANGUAGE_STANDARD = gnu11;
				GCC_DYNAMIC_NO_PIC = NO;
				GCC_NO_COMMON_BLOCKS = YES;
				GCC_OPTIMIZATION_LEVEL = 0;
				GCC_PREPROCESSOR_DEFINITIONS = (
					"DEBUG=1",
					"$(inherited)",
				);
				GCC_WARN_64_TO_32_BIT_CONVERSION = YES;
				GCC_WARN_ABOUT_RETURN_TYPE = YES_ERROR;
				GCC_WARN_UNDECLARED_SELECTOR = YES;
				GCC_WARN_UNINITIALIZED_AUTOS = YES_AGGRESSIVE;
				GCC_WARN_UNUSED_FUNCTION = YES;
				GCC_WARN_UNUSED_VARIABLE = YES;
				IPHONEOS_DEPLOYMENT_TARGET = 16.4;
				MTL_ENABLE_DEBUG_INFO = INCLUDE_SOURCE;
				MTL_FAST_MATH = YES;
				ONLY_ACTIVE_ARCH = YES;
				SDKROOT = iphoneos;
				SWIFT_ACTIVE_COMPILATION_CONDITIONS = DEBUG;
				SWIFT_OPTIMIZATION_LEVEL = "-Onone";
			};
			name = Debug;
		};
		364A7F882E8FF17D009A9F04 /* Release */ = {
			isa = XCBuildConfiguration;
			buildSettings = {
				ALWAYS_SEARCH_USER_PATHS = NO;
				CLANG_ANALYZER_NONNULL = YES;
				CLANG_ANALYZER_NUMBER_OBJECT_CONVERSION = YES_AGGRESSIVE;
				CLANG_CXX_LANGUAGE_STANDARD = "gnu++20";
				CLANG_ENABLE_MODULES = YES;
				CLANG_ENABLE_OBJC_ARC = YES;
				CLANG_ENABLE_OBJC_WEAK = YES;
				CLANG_WARN_BLOCK_CAPTURE_AUTORELEASING = YES;
				CLANG_WARN_BOOL_CONVERSION = YES;
				CLANG_WARN_COMMA = YES;
				CLANG_WARN_CONSTANT_CONVERSION = YES;
				CLANG_WARN_DEPRECATED_OBJC_IMPLEMENTATIONS = YES;
				CLANG_WARN_DIRECT_OBJC_ISA_USAGE = YES_ERROR;
				CLANG_WARN_DOCUMENTATION_COMMENTS = YES;
				CLANG_WARN_EMPTY_BODY = YES;
				CLANG_WARN_ENUM_CONVERSION = YES;
				CLANG_WARN_INFINITE_RECURSION = YES;
				CLANG_WARN_INT_CONVERSION = YES;
				CLANG_WARN_NON_LITERAL_NULL_CONVERSION = YES;
				CLANG_WARN_OBJC_IMPLICIT_RETAIN_SELF = YES;
				CLANG_WARN_OBJC_LITERAL_CONVERSION = YES;
				CLANG_WARN_OBJC_ROOT_CLASS = YES_ERROR;
				CLANG_WARN_QUOTED_INCLUDE_IN_FRAMEWORK_HEADER = YES;
				CLANG_WARN_RANGE_LOOP_ANALYSIS = YES;
				CLANG_WARN_STRICT_PROTOTYPES = YES;
				CLANG_WARN_SUSPICIOUS_MOVE = YES;
				CLANG_WARN_UNGUARDED_AVAILABILITY = YES_AGGRESSIVE;
				CLANG_WARN_UNREACHABLE_CODE = YES;
				CLANG_WARN__DUPLICATE_METHOD_MATCH = YES;
				COPY_PHASE_STRIP = NO;
				DEBUG_INFORMATION_FORMAT = "dwarf-with-dsym";
				ENABLE_NS_ASSERTIONS = NO;
				ENABLE_STRICT_OBJC_MSGSEND = YES;
				GCC_C_LANGUAGE_STANDARD = gnu11;
				GCC_NO_COMMON_BLOCKS = YES;
				GCC_WARN_64_TO_32_BIT_CONVERSION = YES;
				GCC_WARN_ABOUT_RETURN_TYPE = YES_ERROR;
				GCC_WARN_UNDECLARED_SELECTOR = YES;
				GCC_WARN_UNINITIALIZED_AUTOS = YES_AGGRESSIVE;
				GCC_WARN_UNUSED_FUNCTION = YES;
				GCC_WARN_UNUSED_VARIABLE = YES;
				IPHONEOS_DEPLOYMENT_TARGET = 16.4;
				MTL_ENABLE_DEBUG_INFO = NO;
				MTL_FAST_MATH = YES;
				SDKROOT = iphoneos;
				SWIFT_COMPILATION_MODE = wholemodule;
				SWIFT_OPTIMIZATION_LEVEL = "-O";
				VALIDATE_PRODUCT = YES;
			};
			name = Release;
		};
		364A7F8A2E8FF17D009A9F04 /* Debug */ = {
			isa = XCBuildConfiguration;
			buildSettings = {
				ASSETCATALOG_COMPILER_APPICON_NAME = AppIcon;
				ASSETCATALOG_COMPILER_GLOBAL_ACCENT_COLOR_NAME = AccentColor;
				CODE_SIGN_STYLE = Automatic;
				CURRENT_PROJECT_VERSION = 1;
				DEVELOPMENT_ASSET_PATHS = "\"ProductsDemo/Preview Content\"";
				ENABLE_PREVIEWS = YES;
				GENERATE_INFOPLIST_FILE = YES;
				INFOPLIST_KEY_UIApplicationSceneManifest_Generation = YES;
				INFOPLIST_KEY_UIApplicationSupportsIndirectInputEvents = YES;
				INFOPLIST_KEY_UILaunchScreen_Generation = YES;
				INFOPLIST_KEY_UISupportedInterfaceOrientations_iPad = "UIInterfaceOrientationPortrait UIInterfaceOrientationPortraitUpsideDown UIInterfaceOrientationLandscapeLeft UIInterfaceOrientationLandscapeRight";
				INFOPLIST_KEY_UISupportedInterfaceOrientations_iPhone = "UIInterfaceOrientationPortrait UIInterfaceOrientationLandscapeLeft UIInterfaceOrientationLandscapeRight";
				LD_RUNPATH_SEARCH_PATHS = (
					"$(inherited)",
					"@executable_path/Frameworks",
				);
				MARKETING_VERSION = 1.0;
				PRODUCT_BUNDLE_IDENTIFIER = com.ProductsDemo;
				PRODUCT_NAME = "$(TARGET_NAME)";
				SWIFT_EMIT_LOC_STRINGS = YES;
				SWIFT_VERSION = 5.0;
				TARGETED_DEVICE_FAMILY = "1,2";
			};
			name = Debug;
		};
		364A7F8B2E8FF17D009A9F04 /* Release */ = {
			isa = XCBuildConfiguration;
			buildSettings = {
				ASSETCATALOG_COMPILER_APPICON_NAME = AppIcon;
				ASSETCATALOG_COMPILER_GLOBAL_ACCENT_COLOR_NAME = AccentColor;
				CODE_SIGN_STYLE = Automatic;
				CURRENT_PROJECT_VERSION = 1;
				DEVELOPMENT_ASSET_PATHS = "\"ProductsDemo/Preview Content\"";
				ENABLE_PREVIEWS = YES;
				GENERATE_INFOPLIST_FILE = YES;
				INFOPLIST_KEY_UIApplicationSceneManifest_Generation = YES;
				INFOPLIST_KEY_UIApplicationSupportsIndirectInputEvents = YES;
				INFOPLIST_KEY_UILaunchScreen_Generation = YES;
				INFOPLIST_KEY_UISupportedInterfaceOrientations_iPad = "UIInterfaceOrientationPortrait UIInterfaceOrientationPortraitUpsideDown UIInterfaceOrientationLandscapeLeft UIInterfaceOrientationLandscapeRight";
				INFOPLIST_KEY_UISupportedInterfaceOrientations_iPhone = "UIInterfaceOrientationPortrait UIInterfaceOrientationLandscapeLeft UIInterfaceOrientationLandscapeRight";
				LD_RUNPATH_SEARCH_PATHS = (
					"$(inherited)",
					"@executable_path/Frameworks",
				);
				MARKETING_VERSION = 1.0;
				PRODUCT_BUNDLE_IDENTIFIER = com.ProductsDemo;
				PRODUCT_NAME = "$(TARGET_NAME)";
				SWIFT_EMIT_LOC_STRINGS = YES;
				SWIFT_VERSION = 5.0;
				TARGETED_DEVICE_FAMILY = "1,2";
			};
			name = Release;
		};
/* End XCBuildConfiguration section */

/* Begin XCConfigurationList section */
		364A7F712E8FF17B009A9F04 /* Build configuration list for PBXProject "ProductsDemo" */ = {
			isa = XCConfigurationList;
			buildConfigurations = (
				364A7F872E8FF17D009A9F04 /* Debug */,
				364A7F882E8FF17D009A9F04 /* Release */,
			);
			defaultConfigurationIsVisible = 0;
			defaultConfigurationName = Release;
		};
		364A7F892E8FF17D009A9F04 /* Build configuration list for PBXNativeTarget "ProductsDemo" */ = {
			isa = XCConfigurationList;
			buildConfigurations = (
				364A7F8A2E8FF17D009A9F04 /* Debug */,
				364A7F8B2E8FF17D009A9F04 /* Release */,
			);
			defaultConfigurationIsVisible = 0;
			defaultConfigurationName = Release;
		};
/* End XCConfigurationList section */

/* Begin XCVersionGroup section */
		364A7F842E8FF17D009A9F04 /* ProductsDemo.xcdatamodeld */ = {
			isa = XCVersionGroup;
			children = (
				364A7F852E8FF17D009A9F04 /* ProductsDemo.xcdatamodel */,
			);
			currentVersion = 364A7F852E8FF17D009A9F04 /* ProductsDemo.xcdatamodel */;
			path = ProductsDemo.xcdatamodeld;
			sourceTree = "<group>";
			versionGroupType = wrapper.xcdatamodel;
		};
/* End XCVersionGroup section */
	};
	rootObject = 364A7F6E2E8FF17B009A9F04 /* Project object */;
}
