// !$*UTF8*$!
{
	archiveVersion = 1;
	classes = {
	};
	objectVersion = 56;
	objects = {

/* Begin PBXBuildFile section */
		36375C332E27197B00C52FF8 /* PhotoDetailView.swift in Sources */ = {isa = PBXBuildFile; fileRef = 36375C322E27197B00C52FF8 /* PhotoDetailView.swift */; };
		36375C362E2720E600C52FF8 /* StringHelper.swift in Sources */ = {isa = PBXBuildFile; fileRef = 36375C352E2720E600C52FF8 /* StringHelper.swift */; };
		3667BA5A2E273A5C00AAC303 /* PlantDetailViewModel.swift in Sources */ = {isa = PBXBuildFile; fileRef = 3667BA592E273A5C00AAC303 /* PlantDetailViewModel.swift */; };
		3667BA5C2E273B0D00AAC303 /* Extension + Helper.swift in Sources */ = {isa = PBXBuildFile; fileRef = 3667BA5B2E273B0D00AAC303 /* Extension + Helper.swift */; };
		3667BA622E27D8F000AAC303 /* HydroViewModel.swift in Sources */ = {isa = PBXBuildFile; fileRef = 3667BA612E27D8F000AAC303 /* HydroViewModel.swift */; };
		3667BA642E27DCFF00AAC303 /* HydroPonicsView.swift in Sources */ = {isa = PBXBuildFile; fileRef = 3667BA632E27DCFF00AAC303 /* HydroPonicsView.swift */; };
		367DBC1E2E26DDA200E49C67 /* AddPlantDetailView.swift in Sources */ = {isa = PBXBuildFile; fileRef = 367DBC1D2E26DDA200E49C67 /* AddPlantDetailView.swift */; };
		36D06C4E2E2882010092BE84 /* NotificationManager.swift in Sources */ = {isa = PBXBuildFile; fileRef = 36D06C4D2E2882010092BE84 /* NotificationManager.swift */; };
		36D06C502E2889A90092BE84 /* NotificationDetailView.swift in Sources */ = {isa = PBXBuildFile; fileRef = 36D06C4F2E2889A90092BE84 /* NotificationDetailView.swift */; };
		36E8CA7C2E269D6500581F09 /* SmartyPlantsApp.swift in Sources */ = {isa = PBXBuildFile; fileRef = 36E8CA7B2E269D6500581F09 /* SmartyPlantsApp.swift */; };
		36E8CA7E2E269D6500581F09 /* ContentView.swift in Sources */ = {isa = PBXBuildFile; fileRef = 36E8CA7D2E269D6500581F09 /* ContentView.swift */; };
		36E8CA802E269D6600581F09 /* Assets.xcassets in Resources */ = {isa = PBXBuildFile; fileRef = 36E8CA7F2E269D6600581F09 /* Assets.xcassets */; };
		36E8CA842E269D6600581F09 /* Preview Assets.xcassets in Resources */ = {isa = PBXBuildFile; fileRef = 36E8CA832E269D6600581F09 /* Preview Assets.xcassets */; };
		36E8CA8E2E269D6700581F09 /* SmartyPlantsTests.swift in Sources */ = {isa = PBXBuildFile; fileRef = 36E8CA8D2E269D6700581F09 /* SmartyPlantsTests.swift */; };
		36E8CA982E269D6700581F09 /* SmartyPlantsUITests.swift in Sources */ = {isa = PBXBuildFile; fileRef = 36E8CA972E269D6700581F09 /* SmartyPlantsUITests.swift */; };
		36E8CA9A2E269D6700581F09 /* SmartyPlantsUITestsLaunchTests.swift in Sources */ = {isa = PBXBuildFile; fileRef = 36E8CA992E269D6700581F09 /* SmartyPlantsUITestsLaunchTests.swift */; };
		36E8CAAA2E269DAA00581F09 /* PlantDetailView.swift in Sources */ = {isa = PBXBuildFile; fileRef = 36E8CAA92E269DAA00581F09 /* PlantDetailView.swift */; };
		36E8CAAC2E269DDF00581F09 /* PlantViewModel.swift in Sources */ = {isa = PBXBuildFile; fileRef = 36E8CAAB2E269DDF00581F09 /* PlantViewModel.swift */; };
		36E8CAAE2E269E3900581F09 /* PlantRow.swift in Sources */ = {isa = PBXBuildFile; fileRef = 36E8CAAD2E269E3900581F09 /* PlantRow.swift */; };
		36EF30582E4A2F600088C3D0 /* FeedingChartView.swift in Sources */ = {isa = PBXBuildFile; fileRef = 36EF30572E4A2F600088C3D0 /* FeedingChartView.swift */; };
		36FCB4AE2E26F33100174994 /* NotesDetailView.swift in Sources */ = {isa = PBXBuildFile; fileRef = 36FCB4AD2E26F33000174994 /* NotesDetailView.swift */; };
		36FCB4B12E26F8B100174994 /* PersistenceViewController.swift in Sources */ = {isa = PBXBuildFile; fileRef = 36FCB4B02E26F8B100174994 /* PersistenceViewController.swift */; };
		36FCB4B72E26F99300174994 /* PlantModel.xcdatamodeld in Sources */ = {isa = PBXBuildFile; fileRef = 36FCB4B52E26F99300174994 /* PlantModel.xcdatamodeld */; };
/* End PBXBuildFile section */

/* Begin PBXContainerItemProxy section */
		36E8CA8A2E269D6700581F09 /* PBXContainerItemProxy */ = {
			isa = PBXContainerItemProxy;
			containerPortal = 36E8CA702E269D6500581F09 /* Project object */;
			proxyType = 1;
			remoteGlobalIDString = 36E8CA772E269D6500581F09;
			remoteInfo = SmartyPlants;
		};
		36E8CA942E269D6700581F09 /* PBXContainerItemProxy */ = {
			isa = PBXContainerItemProxy;
			containerPortal = 36E8CA702E269D6500581F09 /* Project object */;
			proxyType = 1;
			remoteGlobalIDString = 36E8CA772E269D6500581F09;
			remoteInfo = SmartyPlants;
		};
/* End PBXContainerItemProxy section */

/* Begin PBXFileReference section */
		36375C322E27197B00C52FF8 /* PhotoDetailView.swift */ = {isa = PBXFileReference; lastKnownFileType = sourcecode.swift; path = PhotoDetailView.swift; sourceTree = "<group>"; };
		36375C352E2720E600C52FF8 /* StringHelper.swift */ = {isa = PBXFileReference; lastKnownFileType = sourcecode.swift; path = StringHelper.swift; sourceTree = "<group>"; };
		3667BA592E273A5C00AAC303 /* PlantDetailViewModel.swift */ = {isa = PBXFileReference; lastKnownFileType = sourcecode.swift; path = PlantDetailViewModel.swift; sourceTree = "<group>"; };
		3667BA5B2E273B0D00AAC303 /* Extension + Helper.swift */ = {isa = PBXFileReference; lastKnownFileType = sourcecode.swift; path = "Extension + Helper.swift"; sourceTree = "<group>"; };
		3667BA612E27D8F000AAC303 /* HydroViewModel.swift */ = {isa = PBXFileReference; lastKnownFileType = sourcecode.swift; path = HydroViewModel.swift; sourceTree = "<group>"; };
		3667BA632E27DCFF00AAC303 /* HydroPonicsView.swift */ = {isa = PBXFileReference; lastKnownFileType = sourcecode.swift; path = HydroPonicsView.swift; sourceTree = "<group>"; };
		367DBC1D2E26DDA200E49C67 /* AddPlantDetailView.swift */ = {isa = PBXFileReference; lastKnownFileType = sourcecode.swift; path = AddPlantDetailView.swift; sourceTree = "<group>"; };
		36D06C4D2E2882010092BE84 /* NotificationManager.swift */ = {isa = PBXFileReference; lastKnownFileType = sourcecode.swift; path = NotificationManager.swift; sourceTree = "<group>"; };
		36D06C4F2E2889A90092BE84 /* NotificationDetailView.swift */ = {isa = PBXFileReference; lastKnownFileType = sourcecode.swift; path = NotificationDetailView.swift; sourceTree = "<group>"; };
		36E8CA782E269D6500581F09 /* SmartyPlants.app */ = {isa = PBXFileReference; explicitFileType = wrapper.application; includeInIndex = 0; path = SmartyPlants.app; sourceTree = BUILT_PRODUCTS_DIR; };
		36E8CA7B2E269D6500581F09 /* SmartyPlantsApp.swift */ = {isa = PBXFileReference; lastKnownFileType = sourcecode.swift; path = SmartyPlantsApp.swift; sourceTree = "<group>"; };
		36E8CA7D2E269D6500581F09 /* ContentView.swift */ = {isa = PBXFileReference; lastKnownFileType = sourcecode.swift; path = ContentView.swift; sourceTree = "<group>"; };
		36E8CA7F2E269D6600581F09 /* Assets.xcassets */ = {isa = PBXFileReference; lastKnownFileType = folder.assetcatalog; path = Assets.xcassets; sourceTree = "<group>"; };
		36E8CA812E269D6600581F09 /* SmartyPlants.entitlements */ = {isa = PBXFileReference; lastKnownFileType = text.plist.entitlements; path = SmartyPlants.entitlements; sourceTree = "<group>"; };
		36E8CA832E269D6600581F09 /* Preview Assets.xcassets */ = {isa = PBXFileReference; lastKnownFileType = folder.assetcatalog; path = "Preview Assets.xcassets"; sourceTree = "<group>"; };
		36E8CA892E269D6700581F09 /* SmartyPlantsTests.xctest */ = {isa = PBXFileReference; explicitFileType = wrapper.cfbundle; includeInIndex = 0; path = SmartyPlantsTests.xctest; sourceTree = BUILT_PRODUCTS_DIR; };
		36E8CA8D2E269D6700581F09 /* SmartyPlantsTests.swift */ = {isa = PBXFileReference; lastKnownFileType = sourcecode.swift; path = SmartyPlantsTests.swift; sourceTree = "<group>"; };
		36E8CA932E269D6700581F09 /* SmartyPlantsUITests.xctest */ = {isa = PBXFileReference; explicitFileType = wrapper.cfbundle; includeInIndex = 0; path = SmartyPlantsUITests.xctest; sourceTree = BUILT_PRODUCTS_DIR; };
		36E8CA972E269D6700581F09 /* SmartyPlantsUITests.swift */ = {isa = PBXFileReference; lastKnownFileType = sourcecode.swift; path = SmartyPlantsUITests.swift; sourceTree = "<group>"; };
		36E8CA992E269D6700581F09 /* SmartyPlantsUITestsLaunchTests.swift */ = {isa = PBXFileReference; lastKnownFileType = sourcecode.swift; path = SmartyPlantsUITestsLaunchTests.swift; sourceTree = "<group>"; };
		36E8CAA92E269DAA00581F09 /* PlantDetailView.swift */ = {isa = PBXFileReference; lastKnownFileType = sourcecode.swift; path = PlantDetailView.swift; sourceTree = "<group>"; };
		36E8CAAB2E269DDF00581F09 /* PlantViewModel.swift */ = {isa = PBXFileReference; lastKnownFileType = sourcecode.swift; path = PlantViewModel.swift; sourceTree = "<group>"; };
		36E8CAAD2E269E3900581F09 /* PlantRow.swift */ = {isa = PBXFileReference; lastKnownFileType = sourcecode.swift; path = PlantRow.swift; sourceTree = "<group>"; };
		36EF30572E4A2F600088C3D0 /* FeedingChartView.swift */ = {isa = PBXFileReference; lastKnownFileType = sourcecode.swift; path = FeedingChartView.swift; sourceTree = "<group>"; };
		36FCB4AD2E26F33000174994 /* NotesDetailView.swift */ = {isa = PBXFileReference; lastKnownFileType = sourcecode.swift; path = NotesDetailView.swift; sourceTree = "<group>"; };
		36FCB4B02E26F8B100174994 /* PersistenceViewController.swift */ = {isa = PBXFileReference; lastKnownFileType = sourcecode.swift; path = PersistenceViewController.swift; sourceTree = "<group>"; };
		36FCB4B62E26F99300174994 /* PlantModel.xcdatamodel */ = {isa = PBXFileReference; lastKnownFileType = wrapper.xcdatamodel; path = PlantModel.xcdatamodel; sourceTree = "<group>"; };
/* End PBXFileReference section */

/* Begin PBXFrameworksBuildPhase section */
		36E8CA752E269D6500581F09 /* Frameworks */ = {
			isa = PBXFrameworksBuildPhase;
			buildActionMask = 2147483647;
			files = (
			);
			runOnlyForDeploymentPostprocessing = 0;
		};
		36E8CA862E269D6700581F09 /* Frameworks */ = {
			isa = PBXFrameworksBuildPhase;
			buildActionMask = 2147483647;
			files = (
			);
			runOnlyForDeploymentPostprocessing = 0;
		};
		36E8CA902E269D6700581F09 /* Frameworks */ = {
			isa = PBXFrameworksBuildPhase;
			buildActionMask = 2147483647;
			files = (
			);
			runOnlyForDeploymentPostprocessing = 0;
		};
/* End PBXFrameworksBuildPhase section */

/* Begin PBXGroup section */
		36375C342E2720CD00C52FF8 /* Helpers */ = {
			isa = PBXGroup;
			children = (
				36375C352E2720E600C52FF8 /* StringHelper.swift */,
				3667BA5B2E273B0D00AAC303 /* Extension + Helper.swift */,
			);
			path = Helpers;
			sourceTree = "<group>";
		};
		3667BA602E27D89A00AAC303 /* Hydro */ = {
			isa = PBXGroup;
			children = (
				3667BA632E27DCFF00AAC303 /* HydroPonicsView.swift */,
				36EF30572E4A2F600088C3D0 /* FeedingChartView.swift */,
			);
			path = Hydro;
			sourceTree = "<group>";
		};
		369FC5862E295617003AE73D /* Main */ = {
			isa = PBXGroup;
			children = (
				36E8CA7D2E269D6500581F09 /* ContentView.swift */,
			);
			path = Main;
			sourceTree = "<group>";
		};
		36D06C4C2E2881E50092BE84 /* Notifications */ = {
			isa = PBXGroup;
			children = (
				36D06C4D2E2882010092BE84 /* NotificationManager.swift */,
			);
			path = Notifications;
			sourceTree = "<group>";
		};
		36E8CA6F2E269D6500581F09 = {
			isa = PBXGroup;
			children = (
				36E8CA7A2E269D6500581F09 /* SmartyPlants */,
				36E8CA8C2E269D6700581F09 /* SmartyPlantsTests */,
				36E8CA962E269D6700581F09 /* SmartyPlantsUITests */,
				36E8CA792E269D6500581F09 /* Products */,
			);
			sourceTree = "<group>";
		};
		36E8CA792E269D6500581F09 /* Products */ = {
			isa = PBXGroup;
			children = (
				36E8CA782E269D6500581F09 /* SmartyPlants.app */,
				36E8CA892E269D6700581F09 /* SmartyPlantsTests.xctest */,
				36E8CA932E269D6700581F09 /* SmartyPlantsUITests.xctest */,
			);
			name = Products;
			sourceTree = "<group>";
		};
		36E8CA7A2E269D6500581F09 /* SmartyPlants */ = {
			isa = PBXGroup;
			children = (
				3667BA602E27D89A00AAC303 /* Hydro */,
				369FC5862E295617003AE73D /* Main */,
				36D06C4C2E2881E50092BE84 /* Notifications */,
				36375C342E2720CD00C52FF8 /* Helpers */,
				36FCB4AF2E26F89200174994 /* Core+Data */,
				36E8CAA82E269D8A00581F09 /* Model */,
				36E8CAA72E269D7E00581F09 /* Detail */,
				36E8CAA62E269D7600581F09 /* Rows */,
				36E8CA7B2E269D6500581F09 /* SmartyPlantsApp.swift */,
				36E8CA7F2E269D6600581F09 /* Assets.xcassets */,
				36E8CA812E269D6600581F09 /* SmartyPlants.entitlements */,
				36E8CA822E269D6600581F09 /* Preview Content */,
			);
			path = SmartyPlants;
			sourceTree = "<group>";
		};
		36E8CA822E269D6600581F09 /* Preview Content */ = {
			isa = PBXGroup;
			children = (
				36E8CA832E269D6600581F09 /* Preview Assets.xcassets */,
			);
			path = "Preview Content";
			sourceTree = "<group>";
		};
		36E8CA8C2E269D6700581F09 /* SmartyPlantsTests */ = {
			isa = PBXGroup;
			children = (
				36E8CA8D2E269D6700581F09 /* SmartyPlantsTests.swift */,
			);
			path = SmartyPlantsTests;
			sourceTree = "<group>";
		};
		36E8CA962E269D6700581F09 /* SmartyPlantsUITests */ = {
			isa = PBXGroup;
			children = (
				36E8CA972E269D6700581F09 /* SmartyPlantsUITests.swift */,
				36E8CA992E269D6700581F09 /* SmartyPlantsUITestsLaunchTests.swift */,
			);
			path = SmartyPlantsUITests;
			sourceTree = "<group>";
		};
		36E8CAA62E269D7600581F09 /* Rows */ = {
			isa = PBXGroup;
			children = (
				36E8CAAD2E269E3900581F09 /* PlantRow.swift */,
			);
			path = Rows;
			sourceTree = "<group>";
		};
		36E8CAA72E269D7E00581F09 /* Detail */ = {
			isa = PBXGroup;
			children = (
				36E8CAA92E269DAA00581F09 /* PlantDetailView.swift */,
				367DBC1D2E26DDA200E49C67 /* AddPlantDetailView.swift */,
				36FCB4AD2E26F33000174994 /* NotesDetailView.swift */,
				36375C322E27197B00C52FF8 /* PhotoDetailView.swift */,
				36D06C4F2E2889A90092BE84 /* NotificationDetailView.swift */,
			);
			path = Detail;
			sourceTree = "<group>";
		};
		36E8CAA82E269D8A00581F09 /* Model */ = {
			isa = PBXGroup;
			children = (
				36E8CAAB2E269DDF00581F09 /* PlantViewModel.swift */,
				3667BA592E273A5C00AAC303 /* PlantDetailViewModel.swift */,
				3667BA612E27D8F000AAC303 /* HydroViewModel.swift */,
			);
			path = Model;
			sourceTree = "<group>";
		};
		36FCB4AF2E26F89200174994 /* Core+Data */ = {
			isa = PBXGroup;
			children = (
				36FCB4B02E26F8B100174994 /* PersistenceViewController.swift */,
				36FCB4B52E26F99300174994 /* PlantModel.xcdatamodeld */,
			);
			path = "Core+Data";
			sourceTree = "<group>";
		};
/* End PBXGroup section */

/* Begin PBXNativeTarget section */
		36E8CA772E269D6500581F09 /* SmartyPlants */ = {
			isa = PBXNativeTarget;
			buildConfigurationList = 36E8CA9D2E269D6700581F09 /* Build configuration list for PBXNativeTarget "SmartyPlants" */;
			buildPhases = (
				36E8CA742E269D6500581F09 /* Sources */,
				36E8CA752E269D6500581F09 /* Frameworks */,
				36E8CA762E269D6500581F09 /* Resources */,
			);
			buildRules = (
			);
			dependencies = (
			);
			name = SmartyPlants;
			productName = SmartyPlants;
			productReference = 36E8CA782E269D6500581F09 /* SmartyPlants.app */;
			productType = "com.apple.product-type.application";
		};
		36E8CA882E269D6700581F09 /* SmartyPlantsTests */ = {
			isa = PBXNativeTarget;
			buildConfigurationList = 36E8CAA02E269D6700581F09 /* Build configuration list for PBXNativeTarget "SmartyPlantsTests" */;
			buildPhases = (
				36E8CA852E269D6700581F09 /* Sources */,
				36E8CA862E269D6700581F09 /* Frameworks */,
				36E8CA872E269D6700581F09 /* Resources */,
			);
			buildRules = (
			);
			dependencies = (
				36E8CA8B2E269D6700581F09 /* PBXTargetDependency */,
			);
			name = SmartyPlantsTests;
			productName = SmartyPlantsTests;
			productReference = 36E8CA892E269D6700581F09 /* SmartyPlantsTests.xctest */;
			productType = "com.apple.product-type.bundle.unit-test";
		};
		36E8CA922E269D6700581F09 /* SmartyPlantsUITests */ = {
			isa = PBXNativeTarget;
			buildConfigurationList = 36E8CAA32E269D6700581F09 /* Build configuration list for PBXNativeTarget "SmartyPlantsUITests" */;
			buildPhases = (
				36E8CA8F2E269D6700581F09 /* Sources */,
				36E8CA902E269D6700581F09 /* Frameworks */,
				36E8CA912E269D6700581F09 /* Resources */,
			);
			buildRules = (
			);
			dependencies = (
				36E8CA952E269D6700581F09 /* PBXTargetDependency */,
			);
			name = SmartyPlantsUITests;
			productName = SmartyPlantsUITests;
			productReference = 36E8CA932E269D6700581F09 /* SmartyPlantsUITests.xctest */;
			productType = "com.apple.product-type.bundle.ui-testing";
		};
/* End PBXNativeTarget section */

/* Begin PBXProject section */
		36E8CA702E269D6500581F09 /* Project object */ = {
			isa = PBXProject;
			attributes = {
				BuildIndependentTargetsInParallel = 1;
				LastSwiftUpdateCheck = 1430;
				LastUpgradeCheck = 1430;
				TargetAttributes = {
					36E8CA772E269D6500581F09 = {
						CreatedOnToolsVersion = 14.3.1;
					};
					36E8CA882E269D6700581F09 = {
						CreatedOnToolsVersion = 14.3.1;
						TestTargetID = 36E8CA772E269D6500581F09;
					};
					36E8CA922E269D6700581F09 = {
						CreatedOnToolsVersion = 14.3.1;
						TestTargetID = 36E8CA772E269D6500581F09;
					};
				};
			};
			buildConfigurationList = 36E8CA732E269D6500581F09 /* Build configuration list for PBXProject "SmartyPlants" */;
			compatibilityVersion = "Xcode 14.0";
			developmentRegion = en;
			hasScannedForEncodings = 0;
			knownRegions = (
				en,
				Base,
			);
			mainGroup = 36E8CA6F2E269D6500581F09;
			productRefGroup = 36E8CA792E269D6500581F09 /* Products */;
			projectDirPath = "";
			projectRoot = "";
			targets = (
				36E8CA772E269D6500581F09 /* SmartyPlants */,
				36E8CA882E269D6700581F09 /* SmartyPlantsTests */,
				36E8CA922E269D6700581F09 /* SmartyPlantsUITests */,
			);
		};
/* End PBXProject section */

/* Begin PBXResourcesBuildPhase section */
		36E8CA762E269D6500581F09 /* Resources */ = {
			isa = PBXResourcesBuildPhase;
			buildActionMask = 2147483647;
			files = (
				36E8CA842E269D6600581F09 /* Preview Assets.xcassets in Resources */,
				36E8CA802E269D6600581F09 /* Assets.xcassets in Resources */,
			);
			runOnlyForDeploymentPostprocessing = 0;
		};
		36E8CA872E269D6700581F09 /* Resources */ = {
			isa = PBXResourcesBuildPhase;
			buildActionMask = 2147483647;
			files = (
			);
			runOnlyForDeploymentPostprocessing = 0;
		};
		36E8CA912E269D6700581F09 /* Resources */ = {
			isa = PBXResourcesBuildPhase;
			buildActionMask = 2147483647;
			files = (
			);
			runOnlyForDeploymentPostprocessing = 0;
		};
/* End PBXResourcesBuildPhase section */

/* Begin PBXSourcesBuildPhase section */
		36E8CA742E269D6500581F09 /* Sources */ = {
			isa = PBXSourcesBuildPhase;
			buildActionMask = 2147483647;
			files = (
				36D06C502E2889A90092BE84 /* NotificationDetailView.swift in Sources */,
				3667BA622E27D8F000AAC303 /* HydroViewModel.swift in Sources */,
				36D06C4E2E2882010092BE84 /* NotificationManager.swift in Sources */,
				36E8CA7E2E269D6500581F09 /* ContentView.swift in Sources */,
				36FCB4B72E26F99300174994 /* PlantModel.xcdatamodeld in Sources */,
				36375C362E2720E600C52FF8 /* StringHelper.swift in Sources */,
				36E8CAAA2E269DAA00581F09 /* PlantDetailView.swift in Sources */,
				36E8CAAC2E269DDF00581F09 /* PlantViewModel.swift in Sources */,
				3667BA5C2E273B0D00AAC303 /* Extension + Helper.swift in Sources */,
				367DBC1E2E26DDA200E49C67 /* AddPlantDetailView.swift in Sources */,
				36E8CAAE2E269E3900581F09 /* PlantRow.swift in Sources */,
				3667BA5A2E273A5C00AAC303 /* PlantDetailViewModel.swift in Sources */,
				36FCB4AE2E26F33100174994 /* NotesDetailView.swift in Sources */,
				36FCB4B12E26F8B100174994 /* PersistenceViewController.swift in Sources */,
				3667BA642E27DCFF00AAC303 /* HydroPonicsView.swift in Sources */,
				36EF30582E4A2F600088C3D0 /* FeedingChartView.swift in Sources */,
				36375C332E27197B00C52FF8 /* PhotoDetailView.swift in Sources */,
				36E8CA7C2E269D6500581F09 /* SmartyPlantsApp.swift in Sources */,
			);
			runOnlyForDeploymentPostprocessing = 0;
		};
		36E8CA852E269D6700581F09 /* Sources */ = {
			isa = PBXSourcesBuildPhase;
			buildActionMask = 2147483647;
			files = (
				36E8CA8E2E269D6700581F09 /* SmartyPlantsTests.swift in Sources */,
			);
			runOnlyForDeploymentPostprocessing = 0;
		};
		36E8CA8F2E269D6700581F09 /* Sources */ = {
			isa = PBXSourcesBuildPhase;
			buildActionMask = 2147483647;
			files = (
				36E8CA9A2E269D6700581F09 /* SmartyPlantsUITestsLaunchTests.swift in Sources */,
				36E8CA982E269D6700581F09 /* SmartyPlantsUITests.swift in Sources */,
			);
			runOnlyForDeploymentPostprocessing = 0;
		};
/* End PBXSourcesBuildPhase section */

/* Begin PBXTargetDependency section */
		36E8CA8B2E269D6700581F09 /* PBXTargetDependency */ = {
			isa = PBXTargetDependency;
			target = 36E8CA772E269D6500581F09 /* SmartyPlants */;
			targetProxy = 36E8CA8A2E269D6700581F09 /* PBXContainerItemProxy */;
		};
		36E8CA952E269D6700581F09 /* PBXTargetDependency */ = {
			isa = PBXTargetDependency;
			target = 36E8CA772E269D6500581F09 /* SmartyPlants */;
			targetProxy = 36E8CA942E269D6700581F09 /* PBXContainerItemProxy */;
		};
/* End PBXTargetDependency section */

/* Begin XCBuildConfiguration section */
		36E8CA9B2E269D6700581F09 /* Debug */ = {
			isa = XCBuildConfiguration;
			buildSettings = {
				ALWAYS_SEARCH_USER_PATHS = NO;
				CLANG_ANALYZER_NONNULL = YES;
				CLANG_ANALYZER_NUMBER_OBJECT_CONVERSION = YES_AGGRESSIVE;
				CLANG_CXX_LANGUAGE_STANDARD = "gnu++20";
				CLANG_ENABLE_MODULES = YES;
				CLANG_ENABLE_OBJC_ARC = YES;
				CLANG_ENABLE_OBJC_WEAK = YES;
				CLANG_WARN_BLOCK_CAPTURE_AUTORELEASING = YES;
				CLANG_WARN_BOOL_CONVERSION = YES;
				CLANG_WARN_COMMA = YES;
				CLANG_WARN_CONSTANT_CONVERSION = YES;
				CLANG_WARN_DEPRECATED_OBJC_IMPLEMENTATIONS = YES;
				CLANG_WARN_DIRECT_OBJC_ISA_USAGE = YES_ERROR;
				CLANG_WARN_DOCUMENTATION_COMMENTS = YES;
				CLANG_WARN_EMPTY_BODY = YES;
				CLANG_WARN_ENUM_CONVERSION = YES;
				CLANG_WARN_INFINITE_RECURSION = YES;
				CLANG_WARN_INT_CONVERSION = YES;
				CLANG_WARN_NON_LITERAL_NULL_CONVERSION = YES;
				CLANG_WARN_OBJC_IMPLICIT_RETAIN_SELF = YES;
				CLANG_WARN_OBJC_LITERAL_CONVERSION = YES;
				CLANG_WARN_OBJC_ROOT_CLASS = YES_ERROR;
				CLANG_WARN_QUOTED_INCLUDE_IN_FRAMEWORK_HEADER = YES;
				CLANG_WARN_RANGE_LOOP_ANALYSIS = YES;
				CLANG_WARN_STRICT_PROTOTYPES = YES;
				CLANG_WARN_SUSPICIOUS_MOVE = YES;
				CLANG_WARN_UNGUARDED_AVAILABILITY = YES_AGGRESSIVE;
				CLANG_WARN_UNREACHABLE_CODE = YES;
				CLANG_WARN__DUPLICATE_METHOD_MATCH = YES;
				COPY_PHASE_STRIP = NO;
				DEBUG_INFORMATION_FORMAT = dwarf;
				ENABLE_STRICT_OBJC_MSGSEND = YES;
				ENABLE_TESTABILITY = YES;
				GCC_C_LANGUAGE_STANDARD = gnu11;
				GCC_DYNAMIC_NO_PIC = NO;
				GCC_NO_COMMON_BLOCKS = YES;
				GCC_OPTIMIZATION_LEVEL = 0;
				GCC_PREPROCESSOR_DEFINITIONS = (
					"DEBUG=1",
					"$(inherited)",
				);
				GCC_WARN_64_TO_32_BIT_CONVERSION = YES;
				GCC_WARN_ABOUT_RETURN_TYPE = YES_ERROR;
				GCC_WARN_UNDECLARED_SELECTOR = YES;
				GCC_WARN_UNINITIALIZED_AUTOS = YES_AGGRESSIVE;
				GCC_WARN_UNUSED_FUNCTION = YES;
				GCC_WARN_UNUSED_VARIABLE = YES;
				MTL_ENABLE_DEBUG_INFO = INCLUDE_SOURCE;
				MTL_FAST_MATH = YES;
				ONLY_ACTIVE_ARCH = YES;
				SWIFT_ACTIVE_COMPILATION_CONDITIONS = DEBUG;
				SWIFT_OPTIMIZATION_LEVEL = "-Onone";
			};
			name = Debug;
		};
		36E8CA9C2E269D6700581F09 /* Release */ = {
			isa = XCBuildConfiguration;
			buildSettings = {
				ALWAYS_SEARCH_USER_PATHS = NO;
				CLANG_ANALYZER_NONNULL = YES;
				CLANG_ANALYZER_NUMBER_OBJECT_CONVERSION = YES_AGGRESSIVE;
				CLANG_CXX_LANGUAGE_STANDARD = "gnu++20";
				CLANG_ENABLE_MODULES = YES;
				CLANG_ENABLE_OBJC_ARC = YES;
				CLANG_ENABLE_OBJC_WEAK = YES;
				CLANG_WARN_BLOCK_CAPTURE_AUTORELEASING = YES;
				CLANG_WARN_BOOL_CONVERSION = YES;
				CLANG_WARN_COMMA = YES;
				CLANG_WARN_CONSTANT_CONVERSION = YES;
				CLANG_WARN_DEPRECATED_OBJC_IMPLEMENTATIONS = YES;
				CLANG_WARN_DIRECT_OBJC_ISA_USAGE = YES_ERROR;
				CLANG_WARN_DOCUMENTATION_COMMENTS = YES;
				CLANG_WARN_EMPTY_BODY = YES;
				CLANG_WARN_ENUM_CONVERSION = YES;
				CLANG_WARN_INFINITE_RECURSION = YES;
				CLANG_WARN_INT_CONVERSION = YES;
				CLANG_WARN_NON_LITERAL_NULL_CONVERSION = YES;
				CLANG_WARN_OBJC_IMPLICIT_RETAIN_SELF = YES;
				CLANG_WARN_OBJC_LITERAL_CONVERSION = YES;
				CLANG_WARN_OBJC_ROOT_CLASS = YES_ERROR;
				CLANG_WARN_QUOTED_INCLUDE_IN_FRAMEWORK_HEADER = YES;
				CLANG_WARN_RANGE_LOOP_ANALYSIS = YES;
				CLANG_WARN_STRICT_PROTOTYPES = YES;
				CLANG_WARN_SUSPICIOUS_MOVE = YES;
				CLANG_WARN_UNGUARDED_AVAILABILITY = YES_AGGRESSIVE;
				CLANG_WARN_UNREACHABLE_CODE = YES;
				CLANG_WARN__DUPLICATE_METHOD_MATCH = YES;
				COPY_PHASE_STRIP = NO;
				DEBUG_INFORMATION_FORMAT = "dwarf-with-dsym";
				ENABLE_NS_ASSERTIONS = NO;
				ENABLE_STRICT_OBJC_MSGSEND = YES;
				GCC_C_LANGUAGE_STANDARD = gnu11;
				GCC_NO_COMMON_BLOCKS = YES;
				GCC_WARN_64_TO_32_BIT_CONVERSION = YES;
				GCC_WARN_ABOUT_RETURN_TYPE = YES_ERROR;
				GCC_WARN_UNDECLARED_SELECTOR = YES;
				GCC_WARN_UNINITIALIZED_AUTOS = YES_AGGRESSIVE;
				GCC_WARN_UNUSED_FUNCTION = YES;
				GCC_WARN_UNUSED_VARIABLE = YES;
				MTL_ENABLE_DEBUG_INFO = NO;
				MTL_FAST_MATH = YES;
				SWIFT_COMPILATION_MODE = wholemodule;
				SWIFT_OPTIMIZATION_LEVEL = "-O";
			};
			name = Release;
		};
		36E8CA9E2E269D6700581F09 /* Debug */ = {
			isa = XCBuildConfiguration;
			buildSettings = {
				ASSETCATALOG_COMPILER_APPICON_NAME = AppIcon;
				ASSETCATALOG_COMPILER_GLOBAL_ACCENT_COLOR_NAME = AccentColor;
				CODE_SIGN_ENTITLEMENTS = SmartyPlants/SmartyPlants.entitlements;
				CODE_SIGN_STYLE = Automatic;
				CURRENT_PROJECT_VERSION = 1;
				DEVELOPMENT_ASSET_PATHS = "\"SmartyPlants/Preview Content\"";
				ENABLE_PREVIEWS = YES;
				GENERATE_INFOPLIST_FILE = YES;
				"INFOPLIST_KEY_UIApplicationSceneManifest_Generation[sdk=iphoneos*]" = YES;
				"INFOPLIST_KEY_UIApplicationSceneManifest_Generation[sdk=iphonesimulator*]" = YES;
				"INFOPLIST_KEY_UIApplicationSupportsIndirectInputEvents[sdk=iphoneos*]" = YES;
				"INFOPLIST_KEY_UIApplicationSupportsIndirectInputEvents[sdk=iphonesimulator*]" = YES;
				"INFOPLIST_KEY_UILaunchScreen_Generation[sdk=iphoneos*]" = YES;
				"INFOPLIST_KEY_UILaunchScreen_Generation[sdk=iphonesimulator*]" = YES;
				"INFOPLIST_KEY_UIStatusBarStyle[sdk=iphoneos*]" = UIStatusBarStyleDefault;
				"INFOPLIST_KEY_UIStatusBarStyle[sdk=iphonesimulator*]" = UIStatusBarStyleDefault;
				INFOPLIST_KEY_UISupportedInterfaceOrientations_iPad = "UIInterfaceOrientationPortrait UIInterfaceOrientationPortraitUpsideDown UIInterfaceOrientationLandscapeLeft UIInterfaceOrientationLandscapeRight";
				INFOPLIST_KEY_UISupportedInterfaceOrientations_iPhone = "UIInterfaceOrientationPortrait UIInterfaceOrientationLandscapeLeft UIInterfaceOrientationLandscapeRight";
				IPHONEOS_DEPLOYMENT_TARGET = 16.4;
				LD_RUNPATH_SEARCH_PATHS = "@executable_path/Frameworks";
				"LD_RUNPATH_SEARCH_PATHS[sdk=macosx*]" = "@executable_path/../Frameworks";
				MACOSX_DEPLOYMENT_TARGET = 13.3;
				MARKETING_VERSION = 1.0;
				PRODUCT_BUNDLE_IDENTIFIER = com.SmartyPlants;
				PRODUCT_NAME = "$(TARGET_NAME)";
				SDKROOT = auto;
				SUPPORTED_PLATFORMS = "iphoneos iphonesimulator macosx";
				SWIFT_EMIT_LOC_STRINGS = YES;
				SWIFT_VERSION = 5.0;
				TARGETED_DEVICE_FAMILY = "1,2";
			};
			name = Debug;
		};
		36E8CA9F2E269D6700581F09 /* Release */ = {
			isa = XCBuildConfiguration;
			buildSettings = {
				ASSETCATALOG_COMPILER_APPICON_NAME = AppIcon;
				ASSETCATALOG_COMPILER_GLOBAL_ACCENT_COLOR_NAME = AccentColor;
				CODE_SIGN_ENTITLEMENTS = SmartyPlants/SmartyPlants.entitlements;
				CODE_SIGN_STYLE = Automatic;
				CURRENT_PROJECT_VERSION = 1;
				DEVELOPMENT_ASSET_PATHS = "\"SmartyPlants/Preview Content\"";
				ENABLE_PREVIEWS = YES;
				GENERATE_INFOPLIST_FILE = YES;
				"INFOPLIST_KEY_UIApplicationSceneManifest_Generation[sdk=iphoneos*]" = YES;
				"INFOPLIST_KEY_UIApplicationSceneManifest_Generation[sdk=iphonesimulator*]" = YES;
				"INFOPLIST_KEY_UIApplicationSupportsIndirectInputEvents[sdk=iphoneos*]" = YES;
				"INFOPLIST_KEY_UIApplicationSupportsIndirectInputEvents[sdk=iphonesimulator*]" = YES;
				"INFOPLIST_KEY_UILaunchScreen_Generation[sdk=iphoneos*]" = YES;
				"INFOPLIST_KEY_UILaunchScreen_Generation[sdk=iphonesimulator*]" = YES;
				"INFOPLIST_KEY_UIStatusBarStyle[sdk=iphoneos*]" = UIStatusBarStyleDefault;
				"INFOPLIST_KEY_UIStatusBarStyle[sdk=iphonesimulator*]" = UIStatusBarStyleDefault;
				INFOPLIST_KEY_UISupportedInterfaceOrientations_iPad = "UIInterfaceOrientationPortrait UIInterfaceOrientationPortraitUpsideDown UIInterfaceOrientationLandscapeLeft UIInterfaceOrientationLandscapeRight";
				INFOPLIST_KEY_UISupportedInterfaceOrientations_iPhone = "UIInterfaceOrientationPortrait UIInterfaceOrientationLandscapeLeft UIInterfaceOrientationLandscapeRight";
				IPHONEOS_DEPLOYMENT_TARGET = 16.4;
				LD_RUNPATH_SEARCH_PATHS = "@executable_path/Frameworks";
				"LD_RUNPATH_SEARCH_PATHS[sdk=macosx*]" = "@executable_path/../Frameworks";
				MACOSX_DEPLOYMENT_TARGET = 13.3;
				MARKETING_VERSION = 1.0;
				PRODUCT_BUNDLE_IDENTIFIER = com.SmartyPlants;
				PRODUCT_NAME = "$(TARGET_NAME)";
				SDKROOT = auto;
				SUPPORTED_PLATFORMS = "iphoneos iphonesimulator macosx";
				SWIFT_EMIT_LOC_STRINGS = YES;
				SWIFT_VERSION = 5.0;
				TARGETED_DEVICE_FAMILY = "1,2";
			};
			name = Release;
		};
		36E8CAA12E269D6700581F09 /* Debug */ = {
			isa = XCBuildConfiguration;
			buildSettings = {
				ALWAYS_EMBED_SWIFT_STANDARD_LIBRARIES = YES;
				BUNDLE_LOADER = "$(TEST_HOST)";
				CODE_SIGN_STYLE = Automatic;
				CURRENT_PROJECT_VERSION = 1;
				GENERATE_INFOPLIST_FILE = YES;
				IPHONEOS_DEPLOYMENT_TARGET = 16.4;
				MACOSX_DEPLOYMENT_TARGET = 13.3;
				MARKETING_VERSION = 1.0;
				PRODUCT_BUNDLE_IDENTIFIER = com.SmartyPlantsTests;
				PRODUCT_NAME = "$(TARGET_NAME)";
				SDKROOT = auto;
				SUPPORTED_PLATFORMS = "iphoneos iphonesimulator macosx";
				SWIFT_EMIT_LOC_STRINGS = NO;
				SWIFT_VERSION = 5.0;
				TARGETED_DEVICE_FAMILY = "1,2";
				TEST_HOST = "$(BUILT_PRODUCTS_DIR)/SmartyPlants.app/$(BUNDLE_EXECUTABLE_FOLDER_PATH)/SmartyPlants";
			};
			name = Debug;
		};
		36E8CAA22E269D6700581F09 /* Release */ = {
			isa = XCBuildConfiguration;
			buildSettings = {
				ALWAYS_EMBED_SWIFT_STANDARD_LIBRARIES = YES;
				BUNDLE_LOADER = "$(TEST_HOST)";
				CODE_SIGN_STYLE = Automatic;
				CURRENT_PROJECT_VERSION = 1;
				GENERATE_INFOPLIST_FILE = YES;
				IPHONEOS_DEPLOYMENT_TARGET = 16.4;
				MACOSX_DEPLOYMENT_TARGET = 13.3;
				MARKETING_VERSION = 1.0;
				PRODUCT_BUNDLE_IDENTIFIER = com.SmartyPlantsTests;
				PRODUCT_NAME = "$(TARGET_NAME)";
				SDKROOT = auto;
				SUPPORTED_PLATFORMS = "iphoneos iphonesimulator macosx";
				SWIFT_EMIT_LOC_STRINGS = NO;
				SWIFT_VERSION = 5.0;
				TARGETED_DEVICE_FAMILY = "1,2";
				TEST_HOST = "$(BUILT_PRODUCTS_DIR)/SmartyPlants.app/$(BUNDLE_EXECUTABLE_FOLDER_PATH)/SmartyPlants";
			};
			name = Release;
		};
		36E8CAA42E269D6700581F09 /* Debug */ = {
			isa = XCBuildConfiguration;
			buildSettings = {
				ALWAYS_EMBED_SWIFT_STANDARD_LIBRARIES = YES;
				CODE_SIGN_STYLE = Automatic;
				CURRENT_PROJECT_VERSION = 1;
				GENERATE_INFOPLIST_FILE = YES;
				IPHONEOS_DEPLOYMENT_TARGET = 16.4;
				MACOSX_DEPLOYMENT_TARGET = 13.3;
				MARKETING_VERSION = 1.0;
				PRODUCT_BUNDLE_IDENTIFIER = com.SmartyPlantsUITests;
				PRODUCT_NAME = "$(TARGET_NAME)";
				SDKROOT = auto;
				SUPPORTED_PLATFORMS = "iphoneos iphonesimulator macosx";
				SWIFT_EMIT_LOC_STRINGS = NO;
				SWIFT_VERSION = 5.0;
				TARGETED_DEVICE_FAMILY = "1,2";
				TEST_TARGET_NAME = SmartyPlants;
			};
			name = Debug;
		};
		36E8CAA52E269D6700581F09 /* Release */ = {
			isa = XCBuildConfiguration;
			buildSettings = {
				ALWAYS_EMBED_SWIFT_STANDARD_LIBRARIES = YES;
				CODE_SIGN_STYLE = Automatic;
				CURRENT_PROJECT_VERSION = 1;
				GENERATE_INFOPLIST_FILE = YES;
				IPHONEOS_DEPLOYMENT_TARGET = 16.4;
				MACOSX_DEPLOYMENT_TARGET = 13.3;
				MARKETING_VERSION = 1.0;
				PRODUCT_BUNDLE_IDENTIFIER = com.SmartyPlantsUITests;
				PRODUCT_NAME = "$(TARGET_NAME)";
				SDKROOT = auto;
				SUPPORTED_PLATFORMS = "iphoneos iphonesimulator macosx";
				SWIFT_EMIT_LOC_STRINGS = NO;
				SWIFT_VERSION = 5.0;
				TARGETED_DEVICE_FAMILY = "1,2";
				TEST_TARGET_NAME = SmartyPlants;
			};
			name = Release;
		};
/* End XCBuildConfiguration section */

/* Begin XCConfigurationList section */
		36E8CA732E269D6500581F09 /* Build configuration list for PBXProject "SmartyPlants" */ = {
			isa = XCConfigurationList;
			buildConfigurations = (
				36E8CA9B2E269D6700581F09 /* Debug */,
				36E8CA9C2E269D6700581F09 /* Release */,
			);
			defaultConfigurationIsVisible = 0;
			defaultConfigurationName = Release;
		};
		36E8CA9D2E269D6700581F09 /* Build configuration list for PBXNativeTarget "SmartyPlants" */ = {
			isa = XCConfigurationList;
			buildConfigurations = (
				36E8CA9E2E269D6700581F09 /* Debug */,
				36E8CA9F2E269D6700581F09 /* Release */,
			);
			defaultConfigurationIsVisible = 0;
			defaultConfigurationName = Release;
		};
		36E8CAA02E269D6700581F09 /* Build configuration list for PBXNativeTarget "SmartyPlantsTests" */ = {
			isa = XCConfigurationList;
			buildConfigurations = (
				36E8CAA12E269D6700581F09 /* Debug */,
				36E8CAA22E269D6700581F09 /* Release */,
			);
			defaultConfigurationIsVisible = 0;
			defaultConfigurationName = Release;
		};
		36E8CAA32E269D6700581F09 /* Build configuration list for PBXNativeTarget "SmartyPlantsUITests" */ = {
			isa = XCConfigurationList;
			buildConfigurations = (
				36E8CAA42E269D6700581F09 /* Debug */,
				36E8CAA52E269D6700581F09 /* Release */,
			);
			defaultConfigurationIsVisible = 0;
			defaultConfigurationName = Release;
		};
/* End XCConfigurationList section */

/* Begin XCVersionGroup section */
		36FCB4B52E26F99300174994 /* PlantModel.xcdatamodeld */ = {
			isa = XCVersionGroup;
			children = (
				36FCB4B62E26F99300174994 /* PlantModel.xcdatamodel */,
			);
			currentVersion = 36FCB4B62E26F99300174994 /* PlantModel.xcdatamodel */;
			path = PlantModel.xcdatamodeld;
			sourceTree = "<group>";
			versionGroupType = wrapper.xcdatamodel;
		};
/* End XCVersionGroup section */
	};
	rootObject = 36E8CA702E269D6500581F09 /* Project object */;
}
